PODS:
  - Alamofire (4.8.2)
  - BLOCKv (3.1.0):
    - BLOCKv/Face (= 3.1.0)
  - BLOCKv/Core (3.1.0):
    - Alamofire (~> 4.7)
    - GenericJSON (~> 1.2)
    - JWTDecode (~> 2.1)
    - MoreCodable
    - PromiseKit (~> 6.8)
    - Signals (~> 6.0)
    - Starscream (~> 3.0.6)
    - SwiftLint (~> 0.26)
  - BLOCKv/Face (3.1.0):
    - BLOCKv/Core
    - FLAnimatedImage (~> 1.0)
    - Nuke (~> 7.0)
  - FLAnimatedImage (1.0.12)
  - GenericJSON (1.2.0)
  - JWTDecode (2.2.0)
  - MoreCodable (0.2.0)
  - Nuke (7.5.2)
  - NVActivityIndicatorView (4.6.1):
    - NVActivityIndicatorView/Presenter (= 4.6.1)
  - NVActivityIndicatorView/Presenter (4.6.1)
  - PromiseKit (6.8.3):
    - PromiseKit/CorePromise (= 6.8.3)
    - PromiseKit/Foundation (= 6.8.3)
    - PromiseKit/UIKit (= 6.8.3)
  - PromiseKit/CorePromise (6.8.3)
  - PromiseKit/Foundation (6.8.3):
    - PromiseKit/CorePromise
  - PromiseKit/UIKit (6.8.3):
    - PromiseKit/CorePromise
  - Signals (6.0.1)
  - Starscream (3.0.6)
  - SwiftLint (0.31.0)
  - VatomFace3D (2.0.0):
    - BLOCKv/Face
    - FLAnimatedImage
    - GenericJSON
    - Nuke
    - NVActivityIndicatorView

DEPENDENCIES:
  - BLOCKv (from `../`)
  - VatomFace3D

SPEC REPOS:
  https://github.com/cocoapods/specs.git:
    - Alamofire
    - FLAnimatedImage
    - GenericJSON
    - JWTDecode
    - MoreCodable
    - Nuke
    - NVActivityIndicatorView
    - PromiseKit
    - Signals
    - Starscream
    - SwiftLint
    - VatomFace3D

EXTERNAL SOURCES:
  BLOCKv:
    :path: "../"

SPEC CHECKSUMS:
  Alamofire: ae5c501addb7afdbb13687d7f2f722c78734c2d3
  BLOCKv: 9a5d9e0921189177ddfdabc1bc957bef08645530
  FLAnimatedImage: 4a0b56255d9b05f18b6dd7ee06871be5d3b89e31
  GenericJSON: 05eb212cd12bf0562b816075090bea3eda2ab2ed
  JWTDecode: 85a405ab16d5473e99bd89ded1d535090ebd6a0e
  MoreCodable: 1dd5f2b2ee520c8e594593389c5e3d21147ed648
  Nuke: 0350d346a688426e8f2331253ef28dc2fc4f6178
  NVActivityIndicatorView: 4ca19fccc84595a78957336a086d00a49be6ce61
  PromiseKit: 94c6e781838c5bf4717677d0d882b0e7250c80fc
  Signals: 2c92e8639f97fe45678460840fabe2056b3190b4
  Starscream: ef3ece99d765eeccb67de105bfa143f929026cf5
  SwiftLint: 7a0227733d786395817373b2d0ca799fd0093ff3
  VatomFace3D: 78d08c503819d5e2d8e1978d953885d596e379cf

PODFILE CHECKSUM: 572540b34367caffea356b90ca04601e730b047d

COCOAPODS: 1.6.1
