{
  "object": {
    "pins": [
      {
        "package": "Alamofire",
        "repositoryURL": "https://github.com/Alamofire/Alamofire",
        "state": {
          "branch": null,
          "revision": "747c8db8d57b68d5e35275f10c92d55f982adbd4",
          "version": "4.9.1"
        }
      },
      {
        "package": "Commandant",
        "repositoryURL": "https://github.com/Carthage/Commandant.git",
        "state": {
          "branch": null,
          "revision": "ab68611013dec67413628ac87c1f29e8427bc8e4",
          "version": "0.17.0"
        }
      },
      {
        "package": "CwlCatchException",
        "repositoryURL": "https://github.com/mattgallagher/CwlCatchException.git",
        "state": {
          "branch": null,
          "revision": "7cd2f8cacc4d22f21bc0b2309c3b18acf7957b66",
          "version": "1.2.0"
        }
      },
      {
        "package": "CwlPreconditionTesting",
        "repositoryURL": "https://github.com/mattgallagher/CwlPreconditionTesting.git",
        "state": {
          "branch": null,
          "revision": "c228db5d2ad1b01ebc84435e823e6cca4e3db98b",
          "version": "1.2.0"
        }
      },
      {
        "package": "FLAnimatedImage",
        "repositoryURL": "https://github.com/sonsongithub/FLAnimatedImageSPM",
        "state": {
          "branch": null,
          "revision": "a4aa45188e09e951b57bed19ff2b4cb900d93289",
          "version": null
        }
      },
      {
        "package": "GenericJSON",
        "repositoryURL": "https://github.com/zoul/generic-json-swift",
        "state": {
          "branch": null,
          "revision": "a137894b2a217abe489cdf1ea287e6f7819b1051",
          "version": "2.0.1"
        }
      },
      {
        "package": "JWTDecode",
        "repositoryURL": "https://github.com/auth0/JWTDecode.swift",
        "state": {
          "branch": null,
          "revision": "7875753f26400a9456e3305ba47255d7629a8a69",
          "version": "2.4.1"
        }
      },
      {
        "package": "Nuke",
        "repositoryURL": "https://github.com/kean/Nuke",
        "state": {
          "branch": null,
          "revision": "6001489d22e5f41a4956c1b6cd4cf7cbe8f44dff",
          "version": "8.4.1"
        }
      },
      {
        "package": "PromiseKit",
        "repositoryURL": "https://github.com/mxcl/PromiseKit",
        "state": {
          "branch": null,
          "revision": "f14f16cc2602afec1030e4f492100d6d43dca544",
          "version": "6.13.1"
        }
      },
      {
        "package": "Signals",
        "repositoryURL": "https://github.com/artman/Signals",
        "state": {
          "branch": null,
          "revision": "e792eb51a64f85d043d17f09f6323b803b9f73b8",
          "version": "6.1.0"
        }
      },
      {
        "package": "SourceKitten",
        "repositoryURL": "https://github.com/jpsim/SourceKitten.git",
        "state": {
          "branch": null,
          "revision": "77a4dbbb477a8110eb8765e3c44c70fb4929098f",
          "version": "0.29.0"
        }
      },
      {
        "package": "Starscream",
        "repositoryURL": "https://github.com/daltoniam/Starscream",
        "state": {
          "branch": null,
          "revision": "e6b65c6d9077ea48b4a7bdda8994a1d3c6969c8d",
          "version": "3.1.1"
        }
      },
      {
        "package": "swift-nio-zlib-support",
        "repositoryURL": "https://github.com/apple/swift-nio-zlib-support.git",
        "state": {
          "branch": null,
          "revision": "37760e9a52030bb9011972c5213c3350fa9d41fd",
          "version": "1.0.0"
        }
      },
      {
        "package": "SwiftLint",
        "repositoryURL": "https://github.com/realm/SwiftLint",
        "state": {
          "branch": null,
          "revision": "8f22943ca1340a95e5aeb5513b62a9f0766c0f74",
          "version": "0.39.1"
        }
      },
      {
        "package": "SwiftyTextTable",
        "repositoryURL": "https://github.com/scottrhoyt/SwiftyTextTable.git",
        "state": {
          "branch": null,
          "revision": "c6df6cf533d120716bff38f8ff9885e1ce2a4ac3",
          "version": "0.9.0"
        }
      },
      {
        "package": "SWXMLHash",
        "repositoryURL": "https://github.com/drmohundro/SWXMLHash.git",
        "state": {
          "branch": null,
          "revision": "a4931e5c3bafbedeb1601d3bb76bbe835c6d475a",
          "version": "5.0.1"
        }
      },
      {
        "package": "Yams",
        "repositoryURL": "https://github.com/jpsim/Yams.git",
        "state": {
          "branch": null,
          "revision": "c947a306d2e80ecb2c0859047b35c73b8e1ca27f",
          "version": "2.0.0"
        }
      }
    ]
  },
  "version": 1
}
