// !$*UTF8*$!
{
	archiveVersion = 1;
	classes = {
	};
	objectVersion = 46;
	objects = {

/* Begin PBXBuildFile section */
		2CDE5C345B0E767621D38768 /* Pods_BlockV_Tests.framework in Frameworks */ = {isa = PBXBuildFile; fileRef = 1F3D93F779A140BD79E74900 /* Pods_BlockV_Tests.framework */; };
		607FACD61AFB9204008FA782 /* AppDelegate.swift in Sources */ = {isa = PBXBuildFile; fileRef = 607FACD51AFB9204008FA782 /* AppDelegate.swift */; };
		607FACDB1AFB9204008FA782 /* Main.storyboard in Resources */ = {isa = PBXBuildFile; fileRef = 607FACD91AFB9204008FA782 /* Main.storyboard */; };
		607FACDD1AFB9204008FA782 /* Images.xcassets in Resources */ = {isa = PBXBuildFile; fileRef = 607FACDC1AFB9204008FA782 /* Images.xcassets */; };
		607FACE01AFB9204008FA782 /* LaunchScreen.xib in Resources */ = {isa = PBXBuildFile; fileRef = 607FACDE1AFB9204008FA782 /* LaunchScreen.xib */; };
		CDC268C7232CDB5AF1386116 /* Pods_BlockV_Example.framework in Frameworks */ = {isa = PBXBuildFile; fileRef = 4DE93FD598C0B61200B996A4 /* Pods_BlockV_Example.framework */; };
		D519A845205E6EE3006B0D19 /* NetworkOperation.swift in Sources */ = {isa = PBXBuildFile; fileRef = D519A844205E6EE3006B0D19 /* NetworkOperation.swift */; };
		D519A848205E76EB006B0D19 /* NetworkDataOperation.swift in Sources */ = {isa = PBXBuildFile; fileRef = D519A847205E76EB006B0D19 /* NetworkDataOperation.swift */; };
		D519A84B205E83AB006B0D19 /* VatomDetailTableViewController.swift in Sources */ = {isa = PBXBuildFile; fileRef = D519A84A205E83AB006B0D19 /* VatomDetailTableViewController.swift */; };
		D5475764205D124100E6FE90 /* UIView+Ext.swift in Sources */ = {isa = PBXBuildFile; fileRef = D5475763205D124100E6FE90 /* UIView+Ext.swift */; };
		D5475766205D3B1900E6FE90 /* ModelDecodingTest.swift in Sources */ = {isa = PBXBuildFile; fileRef = D5475765205D3B1900E6FE90 /* ModelDecodingTest.swift */; };
		D547576B205E67AD00E6FE90 /* VatomCell.swift in Sources */ = {isa = PBXBuildFile; fileRef = D547576A205E67AD00E6FE90 /* VatomCell.swift */; };
		D547576D205E6C6300E6FE90 /* AsynchronousOperation.swift in Sources */ = {isa = PBXBuildFile; fileRef = D547576C205E6C6300E6FE90 /* AsynchronousOperation.swift */; };
		D55B21E02052772400B6D5C2 /* VerifyTableViewController.swift in Sources */ = {isa = PBXBuildFile; fileRef = D55B21DF2052772400B6D5C2 /* VerifyTableViewController.swift */; };
		D55B21E520527EB400B6D5C2 /* TokenCell.swift in Sources */ = {isa = PBXBuildFile; fileRef = D55B21E420527EB400B6D5C2 /* TokenCell.swift */; };
		D55B21E72052BB7400B6D5C2 /* ProfileViewController.swift in Sources */ = {isa = PBXBuildFile; fileRef = D55B21E62052BB7400B6D5C2 /* ProfileViewController.swift */; };
		D55B21EA2052E38000B6D5C2 /* RoundedImageView.swift in Sources */ = {isa = PBXBuildFile; fileRef = D55B21E92052E38000B6D5C2 /* RoundedImageView.swift */; };
		D55B21EC2053D43600B6D5C2 /* UserInfoTableViewController.swift in Sources */ = {isa = PBXBuildFile; fileRef = D55B21EB2053D43600B6D5C2 /* UserInfoTableViewController.swift */; };
		D55B21EE2053E24900B6D5C2 /* TitleValueCell.swift in Sources */ = {isa = PBXBuildFile; fileRef = D55B21ED2053E24900B6D5C2 /* TitleValueCell.swift */; };
		D55B21F020540AC200B6D5C2 /* RegisterTableViewController.swift in Sources */ = {isa = PBXBuildFile; fileRef = D55B21EF20540AC200B6D5C2 /* RegisterTableViewController.swift */; };
		D55B21F52056745700B6D5C2 /* UIViewController+Ext.swift in Sources */ = {isa = PBXBuildFile; fileRef = D55B21F42056745700B6D5C2 /* UIViewController+Ext.swift */; };
		D55B21F92056DE6D00B6D5C2 /* UIColor+Ext.swift in Sources */ = {isa = PBXBuildFile; fileRef = D55B21F82056DE6D00B6D5C2 /* UIColor+Ext.swift */; };
		D55B21FB2056E04B00B6D5C2 /* InventoryCollectionViewController.swift in Sources */ = {isa = PBXBuildFile; fileRef = D55B21FA2056E04B00B6D5C2 /* InventoryCollectionViewController.swift */; };
		D5728D562060FD1B0041F4F7 /* Secret.swift in Sources */ = {isa = PBXBuildFile; fileRef = D5728D552060FD1B0041F4F7 /* Secret.swift */; };
		D5728D5C206131980041F4F7 /* TransferActionViewController.swift in Sources */ = {isa = PBXBuildFile; fileRef = D5728D5B206131980041F4F7 /* TransferActionViewController.swift */; };
		D5728D5E206155600041F4F7 /* ActionListTableViewController.swift in Sources */ = {isa = PBXBuildFile; fileRef = D5728D5D206155600041F4F7 /* ActionListTableViewController.swift */; };
		D597FF272051305A009B2910 /* UIAlertController+Etx.swift in Sources */ = {isa = PBXBuildFile; fileRef = D597FF262051305A009B2910 /* UIAlertController+Etx.swift */; };
		D59C7DDD206CE1D000FCE1DD /* Actions.storyboard in Resources */ = {isa = PBXBuildFile; fileRef = D59C7DDC206CE1D000FCE1DD /* Actions.storyboard */; };
		D5A08F3B2066514900FB3CB7 /* PasswordTableViewController.swift in Sources */ = {isa = PBXBuildFile; fileRef = D5A08F3A2066514900FB3CB7 /* PasswordTableViewController.swift */; };
		D5E3AC9F2049883900CFFEEA /* LoginViewController.swift in Sources */ = {isa = PBXBuildFile; fileRef = D5E3AC9E2049883800CFFEEA /* LoginViewController.swift */; };
/* End PBXBuildFile section */

/* Begin PBXContainerItemProxy section */
		607FACE61AFB9204008FA782 /* PBXContainerItemProxy */ = {
			isa = PBXContainerItemProxy;
			containerPortal = 607FACC81AFB9204008FA782 /* Project object */;
			proxyType = 1;
			remoteGlobalIDString = 607FACCF1AFB9204008FA782;
			remoteInfo = BlockV;
		};
/* End PBXContainerItemProxy section */

/* Begin PBXFileReference section */
		0B03B68EAC742F53F057C99E /* Pods-BlockV_Example.debug.xcconfig */ = {isa = PBXFileReference; includeInIndex = 1; lastKnownFileType = text.xcconfig; name = "Pods-BlockV_Example.debug.xcconfig"; path = "Pods/Target Support Files/Pods-BlockV_Example/Pods-BlockV_Example.debug.xcconfig"; sourceTree = "<group>"; };
		1F3D93F779A140BD79E74900 /* Pods_BlockV_Tests.framework */ = {isa = PBXFileReference; explicitFileType = wrapper.framework; includeInIndex = 0; path = Pods_BlockV_Tests.framework; sourceTree = BUILT_PRODUCTS_DIR; };
		4DE93FD598C0B61200B996A4 /* Pods_BlockV_Example.framework */ = {isa = PBXFileReference; explicitFileType = wrapper.framework; includeInIndex = 0; path = Pods_BlockV_Example.framework; sourceTree = BUILT_PRODUCTS_DIR; };
		607FACD01AFB9204008FA782 /* BlockV_Example.app */ = {isa = PBXFileReference; explicitFileType = wrapper.application; includeInIndex = 0; path = BlockV_Example.app; sourceTree = BUILT_PRODUCTS_DIR; };
		607FACD41AFB9204008FA782 /* Info.plist */ = {isa = PBXFileReference; lastKnownFileType = text.plist.xml; path = Info.plist; sourceTree = "<group>"; };
		607FACD51AFB9204008FA782 /* AppDelegate.swift */ = {isa = PBXFileReference; lastKnownFileType = sourcecode.swift; path = AppDelegate.swift; sourceTree = "<group>"; };
		607FACDA1AFB9204008FA782 /* Base */ = {isa = PBXFileReference; lastKnownFileType = file.storyboard; name = Base; path = Base.lproj/Main.storyboard; sourceTree = "<group>"; };
		607FACDC1AFB9204008FA782 /* Images.xcassets */ = {isa = PBXFileReference; lastKnownFileType = folder.assetcatalog; path = Images.xcassets; sourceTree = "<group>"; };
		607FACDF1AFB9204008FA782 /* Base */ = {isa = PBXFileReference; lastKnownFileType = file.xib; name = Base; path = Base.lproj/LaunchScreen.xib; sourceTree = "<group>"; };
		607FACE51AFB9204008FA782 /* BlockV_Tests.xctest */ = {isa = PBXFileReference; explicitFileType = wrapper.cfbundle; includeInIndex = 0; path = BlockV_Tests.xctest; sourceTree = BUILT_PRODUCTS_DIR; };
		607FACEA1AFB9204008FA782 /* Info.plist */ = {isa = PBXFileReference; lastKnownFileType = text.plist.xml; path = Info.plist; sourceTree = "<group>"; };
		6F6694DB9BF713D3EF69B6B5 /* Pods-BlockV_Tests.release.xcconfig */ = {isa = PBXFileReference; includeInIndex = 1; lastKnownFileType = text.xcconfig; name = "Pods-BlockV_Tests.release.xcconfig"; path = "Pods/Target Support Files/Pods-BlockV_Tests/Pods-BlockV_Tests.release.xcconfig"; sourceTree = "<group>"; };
		86A0806A35212DD33474BDB7 /* BLOCKv.podspec */ = {isa = PBXFileReference; includeInIndex = 1; lastKnownFileType = text; name = BLOCKv.podspec; path = ../BLOCKv.podspec; sourceTree = "<group>"; xcLanguageSpecificationIdentifier = xcode.lang.ruby; };
		A8F8F6BF41E2864BD8FA3FB7 /* Pods-BlockV_Tests.debug.xcconfig */ = {isa = PBXFileReference; includeInIndex = 1; lastKnownFileType = text.xcconfig; name = "Pods-BlockV_Tests.debug.xcconfig"; path = "Pods/Target Support Files/Pods-BlockV_Tests/Pods-BlockV_Tests.debug.xcconfig"; sourceTree = "<group>"; };
		AC9D73DE9B5506A2FFBB74EE /* LICENSE */ = {isa = PBXFileReference; includeInIndex = 1; lastKnownFileType = text; name = LICENSE; path = ../LICENSE; sourceTree = "<group>"; };
		BC27A08D03F2D2401C48F394 /* Pods-BlockV_Example.release.xcconfig */ = {isa = PBXFileReference; includeInIndex = 1; lastKnownFileType = text.xcconfig; name = "Pods-BlockV_Example.release.xcconfig"; path = "Pods/Target Support Files/Pods-BlockV_Example/Pods-BlockV_Example.release.xcconfig"; sourceTree = "<group>"; };
		C55D0BD7FD8ECD417C235202 /* README.md */ = {isa = PBXFileReference; includeInIndex = 1; lastKnownFileType = net.daringfireball.markdown; name = README.md; path = ../README.md; sourceTree = "<group>"; };
		D519A844205E6EE3006B0D19 /* NetworkOperation.swift */ = {isa = PBXFileReference; lastKnownFileType = sourcecode.swift; path = NetworkOperation.swift; sourceTree = "<group>"; };
		D519A847205E76EB006B0D19 /* NetworkDataOperation.swift */ = {isa = PBXFileReference; lastKnownFileType = sourcecode.swift; path = NetworkDataOperation.swift; sourceTree = "<group>"; };
		D519A84A205E83AB006B0D19 /* VatomDetailTableViewController.swift */ = {isa = PBXFileReference; lastKnownFileType = sourcecode.swift; path = VatomDetailTableViewController.swift; sourceTree = "<group>"; };
		D5475763205D124100E6FE90 /* UIView+Ext.swift */ = {isa = PBXFileReference; lastKnownFileType = sourcecode.swift; path = "UIView+Ext.swift"; sourceTree = "<group>"; };
		D5475765205D3B1900E6FE90 /* ModelDecodingTest.swift */ = {isa = PBXFileReference; lastKnownFileType = sourcecode.swift; path = ModelDecodingTest.swift; sourceTree = "<group>"; };
		D547576A205E67AD00E6FE90 /* VatomCell.swift */ = {isa = PBXFileReference; lastKnownFileType = sourcecode.swift; path = VatomCell.swift; sourceTree = "<group>"; };
		D547576C205E6C6300E6FE90 /* AsynchronousOperation.swift */ = {isa = PBXFileReference; lastKnownFileType = sourcecode.swift; path = AsynchronousOperation.swift; sourceTree = "<group>"; };
		D55B21DF2052772400B6D5C2 /* VerifyTableViewController.swift */ = {isa = PBXFileReference; lastKnownFileType = sourcecode.swift; path = VerifyTableViewController.swift; sourceTree = "<group>"; };
		D55B21E420527EB400B6D5C2 /* TokenCell.swift */ = {isa = PBXFileReference; lastKnownFileType = sourcecode.swift; path = TokenCell.swift; sourceTree = "<group>"; };
		D55B21E62052BB7400B6D5C2 /* ProfileViewController.swift */ = {isa = PBXFileReference; lastKnownFileType = sourcecode.swift; path = ProfileViewController.swift; sourceTree = "<group>"; };
		D55B21E92052E38000B6D5C2 /* RoundedImageView.swift */ = {isa = PBXFileReference; lastKnownFileType = sourcecode.swift; path = RoundedImageView.swift; sourceTree = "<group>"; };
		D55B21EB2053D43600B6D5C2 /* UserInfoTableViewController.swift */ = {isa = PBXFileReference; lastKnownFileType = sourcecode.swift; path = UserInfoTableViewController.swift; sourceTree = "<group>"; };
		D55B21ED2053E24900B6D5C2 /* TitleValueCell.swift */ = {isa = PBXFileReference; lastKnownFileType = sourcecode.swift; path = TitleValueCell.swift; sourceTree = "<group>"; };
		D55B21EF20540AC200B6D5C2 /* RegisterTableViewController.swift */ = {isa = PBXFileReference; lastKnownFileType = sourcecode.swift; path = RegisterTableViewController.swift; sourceTree = "<group>"; };
		D55B21F42056745700B6D5C2 /* UIViewController+Ext.swift */ = {isa = PBXFileReference; lastKnownFileType = sourcecode.swift; path = "UIViewController+Ext.swift"; sourceTree = "<group>"; };
		D55B21F82056DE6D00B6D5C2 /* UIColor+Ext.swift */ = {isa = PBXFileReference; lastKnownFileType = sourcecode.swift; path = "UIColor+Ext.swift"; sourceTree = "<group>"; };
		D55B21FA2056E04B00B6D5C2 /* InventoryCollectionViewController.swift */ = {isa = PBXFileReference; lastKnownFileType = sourcecode.swift; path = InventoryCollectionViewController.swift; sourceTree = "<group>"; };
		D5728D552060FD1B0041F4F7 /* Secret.swift */ = {isa = PBXFileReference; lastKnownFileType = sourcecode.swift; path = Secret.swift; sourceTree = "<group>"; };
		D5728D5B206131980041F4F7 /* TransferActionViewController.swift */ = {isa = PBXFileReference; lastKnownFileType = sourcecode.swift; path = TransferActionViewController.swift; sourceTree = "<group>"; };
		D5728D5D206155600041F4F7 /* ActionListTableViewController.swift */ = {isa = PBXFileReference; lastKnownFileType = sourcecode.swift; path = ActionListTableViewController.swift; sourceTree = "<group>"; };
		D597FF262051305A009B2910 /* UIAlertController+Etx.swift */ = {isa = PBXFileReference; lastKnownFileType = sourcecode.swift; path = "UIAlertController+Etx.swift"; sourceTree = "<group>"; };
		D59C7DDC206CE1D000FCE1DD /* Actions.storyboard */ = {isa = PBXFileReference; lastKnownFileType = file.storyboard; path = Actions.storyboard; sourceTree = "<group>"; };
		D5A08F3A2066514900FB3CB7 /* PasswordTableViewController.swift */ = {isa = PBXFileReference; lastKnownFileType = sourcecode.swift; path = PasswordTableViewController.swift; sourceTree = "<group>"; };
		D5E3AC9E2049883800CFFEEA /* LoginViewController.swift */ = {isa = PBXFileReference; lastKnownFileType = sourcecode.swift; path = LoginViewController.swift; sourceTree = "<group>"; };
/* End PBXFileReference section */

/* Begin PBXFrameworksBuildPhase section */
		607FACCD1AFB9204008FA782 /* Frameworks */ = {
			isa = PBXFrameworksBuildPhase;
			buildActionMask = 2147483647;
			files = (
				CDC268C7232CDB5AF1386116 /* Pods_BlockV_Example.framework in Frameworks */,
			);
			runOnlyForDeploymentPostprocessing = 0;
		};
		607FACE21AFB9204008FA782 /* Frameworks */ = {
			isa = PBXFrameworksBuildPhase;
			buildActionMask = 2147483647;
			files = (
				2CDE5C345B0E767621D38768 /* Pods_BlockV_Tests.framework in Frameworks */,
			);
			runOnlyForDeploymentPostprocessing = 0;
		};
/* End PBXFrameworksBuildPhase section */

/* Begin PBXGroup section */
		32B39594BEF1B7EDB269086E /* Pods */ = {
			isa = PBXGroup;
			children = (
				0B03B68EAC742F53F057C99E /* Pods-BlockV_Example.debug.xcconfig */,
				BC27A08D03F2D2401C48F394 /* Pods-BlockV_Example.release.xcconfig */,
				A8F8F6BF41E2864BD8FA3FB7 /* Pods-BlockV_Tests.debug.xcconfig */,
				6F6694DB9BF713D3EF69B6B5 /* Pods-BlockV_Tests.release.xcconfig */,
			);
			name = Pods;
			sourceTree = "<group>";
		};
		607FACC71AFB9204008FA782 = {
			isa = PBXGroup;
			children = (
				607FACF51AFB993E008FA782 /* Podspec Metadata */,
				607FACD21AFB9204008FA782 /* Example for BlockV */,
				607FACE81AFB9204008FA782 /* Tests */,
				607FACD11AFB9204008FA782 /* Products */,
				32B39594BEF1B7EDB269086E /* Pods */,
				8C7B4899EFB41257035A54F2 /* Frameworks */,
			);
			sourceTree = "<group>";
		};
		607FACD11AFB9204008FA782 /* Products */ = {
			isa = PBXGroup;
			children = (
				607FACD01AFB9204008FA782 /* BlockV_Example.app */,
				607FACE51AFB9204008FA782 /* BlockV_Tests.xctest */,
			);
			name = Products;
			sourceTree = "<group>";
		};
		607FACD21AFB9204008FA782 /* Example for BlockV */ = {
			isa = PBXGroup;
			children = (
				607FACD51AFB9204008FA782 /* AppDelegate.swift */,
				607FACD91AFB9204008FA782 /* Main.storyboard */,
				D59C7DDC206CE1D000FCE1DD /* Actions.storyboard */,
				607FACDE1AFB9204008FA782 /* LaunchScreen.xib */,
				D58E31B5205E962D0024BA0E /* Controllers */,
				D58E31B0205E90DB0024BA0E /* Views */,
				D58E31B6205E96910024BA0E /* Utility */,
				D597FF2520512FF3009B2910 /* Extensions */,
				607FACD31AFB9204008FA782 /* Supporting Files */,
				D5728D572060FE680041F4F7 /* Secrets */,
				607FACDC1AFB9204008FA782 /* Images.xcassets */,
			);
			name = "Example for BlockV";
			path = BlockV;
			sourceTree = "<group>";
		};
		607FACD31AFB9204008FA782 /* Supporting Files */ = {
			isa = PBXGroup;
			children = (
				607FACD41AFB9204008FA782 /* Info.plist */,
			);
			name = "Supporting Files";
			sourceTree = "<group>";
		};
		607FACE81AFB9204008FA782 /* Tests */ = {
			isa = PBXGroup;
			children = (
				D5475765205D3B1900E6FE90 /* ModelDecodingTest.swift */,
				607FACE91AFB9204008FA782 /* Supporting Files */,
			);
			path = Tests;
			sourceTree = "<group>";
		};
		607FACE91AFB9204008FA782 /* Supporting Files */ = {
			isa = PBXGroup;
			children = (
				607FACEA1AFB9204008FA782 /* Info.plist */,
			);
			name = "Supporting Files";
			sourceTree = "<group>";
		};
		607FACF51AFB993E008FA782 /* Podspec Metadata */ = {
			isa = PBXGroup;
			children = (
				86A0806A35212DD33474BDB7 /* BLOCKv.podspec */,
				C55D0BD7FD8ECD417C235202 /* README.md */,
				AC9D73DE9B5506A2FFBB74EE /* LICENSE */,
			);
			name = "Podspec Metadata";
			sourceTree = "<group>";
		};
		8C7B4899EFB41257035A54F2 /* Frameworks */ = {
			isa = PBXGroup;
			children = (
				4DE93FD598C0B61200B996A4 /* Pods_BlockV_Example.framework */,
				1F3D93F779A140BD79E74900 /* Pods_BlockV_Tests.framework */,
			);
			name = Frameworks;
			sourceTree = "<group>";
		};
		D519A846205E76C9006B0D19 /* Operations */ = {
			isa = PBXGroup;
			children = (
				D547576C205E6C6300E6FE90 /* AsynchronousOperation.swift */,
				D519A844205E6EE3006B0D19 /* NetworkOperation.swift */,
				D519A847205E76EB006B0D19 /* NetworkDataOperation.swift */,
			);
			path = Operations;
			sourceTree = "<group>";
		};
		D519A849205E8360006B0D19 /* Inventory */ = {
			isa = PBXGroup;
			children = (
				D55B21FA2056E04B00B6D5C2 /* InventoryCollectionViewController.swift */,
				D519A84A205E83AB006B0D19 /* VatomDetailTableViewController.swift */,
			);
			path = Inventory;
			sourceTree = "<group>";
		};
		D5728D572060FE680041F4F7 /* Secrets */ = {
			isa = PBXGroup;
			children = (
				D5728D552060FD1B0041F4F7 /* Secret.swift */,
			);
			path = Secrets;
			sourceTree = "<group>";
		};
		D5728D5A206130E40041F4F7 /* Actions */ = {
			isa = PBXGroup;
			children = (
				D5728D5D206155600041F4F7 /* ActionListTableViewController.swift */,
				D5728D5B206131980041F4F7 /* TransferActionViewController.swift */,
			);
			path = Actions;
			sourceTree = "<group>";
		};
		D58E31B0205E90DB0024BA0E /* Views */ = {
			isa = PBXGroup;
			children = (
				D58E31B4205E95E10024BA0E /* Cells */,
			);
			path = Views;
			sourceTree = "<group>";
		};
		D58E31B4205E95E10024BA0E /* Cells */ = {
			isa = PBXGroup;
			children = (
				D55B21E420527EB400B6D5C2 /* TokenCell.swift */,
				D55B21ED2053E24900B6D5C2 /* TitleValueCell.swift */,
				D547576A205E67AD00E6FE90 /* VatomCell.swift */,
			);
			path = Cells;
			sourceTree = "<group>";
		};
		D58E31B5205E962D0024BA0E /* Controllers */ = {
			isa = PBXGroup;
			children = (
				D5E3AC9E2049883800CFFEEA /* LoginViewController.swift */,
				D55B21EF20540AC200B6D5C2 /* RegisterTableViewController.swift */,
				D55B21DF2052772400B6D5C2 /* VerifyTableViewController.swift */,
				D55B21E62052BB7400B6D5C2 /* ProfileViewController.swift */,
				D55B21EB2053D43600B6D5C2 /* UserInfoTableViewController.swift */,
				D5A08F3A2066514900FB3CB7 /* PasswordTableViewController.swift */,
				D519A849205E8360006B0D19 /* Inventory */,
				D5728D5A206130E40041F4F7 /* Actions */,
			);
			path = Controllers;
			sourceTree = "<group>";
		};
		D58E31B6205E96910024BA0E /* Utility */ = {
			isa = PBXGroup;
			children = (
				D55B21E92052E38000B6D5C2 /* RoundedImageView.swift */,
				D519A846205E76C9006B0D19 /* Operations */,
			);
			path = Utility;
			sourceTree = "<group>";
		};
		D597FF2520512FF3009B2910 /* Extensions */ = {
			isa = PBXGroup;
			children = (
				D597FF262051305A009B2910 /* UIAlertController+Etx.swift */,
				D55B21F42056745700B6D5C2 /* UIViewController+Ext.swift */,
				D55B21F82056DE6D00B6D5C2 /* UIColor+Ext.swift */,
				D5475763205D124100E6FE90 /* UIView+Ext.swift */,
			);
			path = Extensions;
			sourceTree = "<group>";
		};
/* End PBXGroup section */

/* Begin PBXNativeTarget section */
		607FACCF1AFB9204008FA782 /* BlockV_Example */ = {
			isa = PBXNativeTarget;
			buildConfigurationList = 607FACEF1AFB9204008FA782 /* Build configuration list for PBXNativeTarget "BlockV_Example" */;
			buildPhases = (
				6DBA7BD7167A59CD57BA455F /* [CP] Check Pods Manifest.lock */,
				607FACCC1AFB9204008FA782 /* Sources */,
				607FACCD1AFB9204008FA782 /* Frameworks */,
				607FACCE1AFB9204008FA782 /* Resources */,
				87D80961AF3BA71999BC1BCD /* [CP] Embed Pods Frameworks */,
			);
			buildRules = (
			);
			dependencies = (
			);
			name = BlockV_Example;
			productName = BlockV;
			productReference = 607FACD01AFB9204008FA782 /* BlockV_Example.app */;
			productType = "com.apple.product-type.application";
		};
		607FACE41AFB9204008FA782 /* BlockV_Tests */ = {
			isa = PBXNativeTarget;
			buildConfigurationList = 607FACF21AFB9204008FA782 /* Build configuration list for PBXNativeTarget "BlockV_Tests" */;
			buildPhases = (
				7AA0D0EA53E688291B7998A1 /* [CP] Check Pods Manifest.lock */,
				607FACE11AFB9204008FA782 /* Sources */,
				607FACE21AFB9204008FA782 /* Frameworks */,
				607FACE31AFB9204008FA782 /* Resources */,
			);
			buildRules = (
			);
			dependencies = (
				607FACE71AFB9204008FA782 /* PBXTargetDependency */,
			);
			name = BlockV_Tests;
			productName = Tests;
			productReference = 607FACE51AFB9204008FA782 /* BlockV_Tests.xctest */;
			productType = "com.apple.product-type.bundle.unit-test";
		};
/* End PBXNativeTarget section */

/* Begin PBXProject section */
		607FACC81AFB9204008FA782 /* Project object */ = {
			isa = PBXProject;
			attributes = {
				LastSwiftUpdateCheck = 0830;
				LastUpgradeCheck = 0930;
				ORGANIZATIONNAME = CocoaPods;
				TargetAttributes = {
					607FACCF1AFB9204008FA782 = {
						CreatedOnToolsVersion = 6.3.1;
						DevelopmentTeam = WA2R22UJPX;
						LastSwiftMigration = 0900;
						ProvisioningStyle = Automatic;
					};
					607FACE41AFB9204008FA782 = {
						CreatedOnToolsVersion = 6.3.1;
						DevelopmentTeam = 4CTEXATCUR;
						LastSwiftMigration = 0900;
						TestTargetID = 607FACCF1AFB9204008FA782;
					};
				};
			};
			buildConfigurationList = 607FACCB1AFB9204008FA782 /* Build configuration list for PBXProject "BlockV" */;
			compatibilityVersion = "Xcode 3.2";
			developmentRegion = English;
			hasScannedForEncodings = 0;
			knownRegions = (
				en,
				Base,
			);
			mainGroup = 607FACC71AFB9204008FA782;
			productRefGroup = 607FACD11AFB9204008FA782 /* Products */;
			projectDirPath = "";
			projectRoot = "";
			targets = (
				607FACCF1AFB9204008FA782 /* BlockV_Example */,
				607FACE41AFB9204008FA782 /* BlockV_Tests */,
			);
		};
/* End PBXProject section */

/* Begin PBXResourcesBuildPhase section */
		607FACCE1AFB9204008FA782 /* Resources */ = {
			isa = PBXResourcesBuildPhase;
			buildActionMask = 2147483647;
			files = (
				607FACDB1AFB9204008FA782 /* Main.storyboard in Resources */,
				607FACE01AFB9204008FA782 /* LaunchScreen.xib in Resources */,
				D59C7DDD206CE1D000FCE1DD /* Actions.storyboard in Resources */,
				607FACDD1AFB9204008FA782 /* Images.xcassets in Resources */,
			);
			runOnlyForDeploymentPostprocessing = 0;
		};
		607FACE31AFB9204008FA782 /* Resources */ = {
			isa = PBXResourcesBuildPhase;
			buildActionMask = 2147483647;
			files = (
			);
			runOnlyForDeploymentPostprocessing = 0;
		};
/* End PBXResourcesBuildPhase section */

/* Begin PBXShellScriptBuildPhase section */
		6DBA7BD7167A59CD57BA455F /* [CP] Check Pods Manifest.lock */ = {
			isa = PBXShellScriptBuildPhase;
			buildActionMask = 2147483647;
			files = (
			);
			inputPaths = (
				"${PODS_PODFILE_DIR_PATH}/Podfile.lock",
				"${PODS_ROOT}/Manifest.lock",
			);
			name = "[CP] Check Pods Manifest.lock";
			outputPaths = (
				"$(DERIVED_FILE_DIR)/Pods-BlockV_Example-checkManifestLockResult.txt",
			);
			runOnlyForDeploymentPostprocessing = 0;
			shellPath = /bin/sh;
			shellScript = "diff \"${PODS_PODFILE_DIR_PATH}/Podfile.lock\" \"${PODS_ROOT}/Manifest.lock\" > /dev/null\nif [ $? != 0 ] ; then\n    # print error to STDERR\n    echo \"error: The sandbox is not in sync with the Podfile.lock. Run 'pod install' or update your CocoaPods installation.\" >&2\n    exit 1\nfi\n# This output is used by Xcode 'outputs' to avoid re-running this script phase.\necho \"SUCCESS\" > \"${SCRIPT_OUTPUT_FILE_0}\"\n";
			showEnvVarsInLog = 0;
		};
		7AA0D0EA53E688291B7998A1 /* [CP] Check Pods Manifest.lock */ = {
			isa = PBXShellScriptBuildPhase;
			buildActionMask = 2147483647;
			files = (
			);
			inputPaths = (
				"${PODS_PODFILE_DIR_PATH}/Podfile.lock",
				"${PODS_ROOT}/Manifest.lock",
			);
			name = "[CP] Check Pods Manifest.lock";
			outputPaths = (
				"$(DERIVED_FILE_DIR)/Pods-BlockV_Tests-checkManifestLockResult.txt",
			);
			runOnlyForDeploymentPostprocessing = 0;
			shellPath = /bin/sh;
			shellScript = "diff \"${PODS_PODFILE_DIR_PATH}/Podfile.lock\" \"${PODS_ROOT}/Manifest.lock\" > /dev/null\nif [ $? != 0 ] ; then\n    # print error to STDERR\n    echo \"error: The sandbox is not in sync with the Podfile.lock. Run 'pod install' or update your CocoaPods installation.\" >&2\n    exit 1\nfi\n# This output is used by Xcode 'outputs' to avoid re-running this script phase.\necho \"SUCCESS\" > \"${SCRIPT_OUTPUT_FILE_0}\"\n";
			showEnvVarsInLog = 0;
		};
		87D80961AF3BA71999BC1BCD /* [CP] Embed Pods Frameworks */ = {
			isa = PBXShellScriptBuildPhase;
			buildActionMask = 2147483647;
			files = (
			);
			inputPaths = (
				"${SRCROOT}/Pods/Target Support Files/Pods-BlockV_Example/Pods-BlockV_Example-frameworks.sh",
				"${BUILT_PRODUCTS_DIR}/Alamofire/Alamofire.framework",
				"${BUILT_PRODUCTS_DIR}/BLOCKv/BLOCKv.framework",
			);
			name = "[CP] Embed Pods Frameworks";
			outputPaths = (
				"${TARGET_BUILD_DIR}/${FRAMEWORKS_FOLDER_PATH}/Alamofire.framework",
				"${TARGET_BUILD_DIR}/${FRAMEWORKS_FOLDER_PATH}/BLOCKv.framework",
			);
			runOnlyForDeploymentPostprocessing = 0;
			shellPath = /bin/sh;
			shellScript = "\"${SRCROOT}/Pods/Target Support Files/Pods-BlockV_Example/Pods-BlockV_Example-frameworks.sh\"\n";
			showEnvVarsInLog = 0;
		};
/* End PBXShellScriptBuildPhase section */

/* Begin PBXSourcesBuildPhase section */
		607FACCC1AFB9204008FA782 /* Sources */ = {
			isa = PBXSourcesBuildPhase;
			buildActionMask = 2147483647;
			files = (
				D519A848205E76EB006B0D19 /* NetworkDataOperation.swift in Sources */,
				D5728D562060FD1B0041F4F7 /* Secret.swift in Sources */,
				D5A08F3B2066514900FB3CB7 /* PasswordTableViewController.swift in Sources */,
				D5475764205D124100E6FE90 /* UIView+Ext.swift in Sources */,
				D547576B205E67AD00E6FE90 /* VatomCell.swift in Sources */,
				D519A84B205E83AB006B0D19 /* VatomDetailTableViewController.swift in Sources */,
				D55B21FB2056E04B00B6D5C2 /* InventoryCollectionViewController.swift in Sources */,
				D55B21F52056745700B6D5C2 /* UIViewController+Ext.swift in Sources */,
				D55B21EC2053D43600B6D5C2 /* UserInfoTableViewController.swift in Sources */,
				D597FF272051305A009B2910 /* UIAlertController+Etx.swift in Sources */,
				D55B21EE2053E24900B6D5C2 /* TitleValueCell.swift in Sources */,
				D55B21E520527EB400B6D5C2 /* TokenCell.swift in Sources */,
				D55B21F020540AC200B6D5C2 /* RegisterTableViewController.swift in Sources */,
				D5E3AC9F2049883900CFFEEA /* LoginViewController.swift in Sources */,
				D55B21E02052772400B6D5C2 /* VerifyTableViewController.swift in Sources */,
				D55B21E72052BB7400B6D5C2 /* ProfileViewController.swift in Sources */,
				D55B21F92056DE6D00B6D5C2 /* UIColor+Ext.swift in Sources */,
				607FACD61AFB9204008FA782 /* AppDelegate.swift in Sources */,
				D55B21EA2052E38000B6D5C2 /* RoundedImageView.swift in Sources */,
				D5728D5E206155600041F4F7 /* ActionListTableViewController.swift in Sources */,
				D519A845205E6EE3006B0D19 /* NetworkOperation.swift in Sources */,
				D547576D205E6C6300E6FE90 /* AsynchronousOperation.swift in Sources */,
				D5728D5C206131980041F4F7 /* TransferActionViewController.swift in Sources */,
			);
			runOnlyForDeploymentPostprocessing = 0;
		};
		607FACE11AFB9204008FA782 /* Sources */ = {
			isa = PBXSourcesBuildPhase;
			buildActionMask = 2147483647;
			files = (
				D5475766205D3B1900E6FE90 /* ModelDecodingTest.swift in Sources */,
			);
			runOnlyForDeploymentPostprocessing = 0;
		};
/* End PBXSourcesBuildPhase section */

/* Begin PBXTargetDependency section */
		607FACE71AFB9204008FA782 /* PBXTargetDependency */ = {
			isa = PBXTargetDependency;
			target = 607FACCF1AFB9204008FA782 /* BlockV_Example */;
			targetProxy = 607FACE61AFB9204008FA782 /* PBXContainerItemProxy */;
		};
/* End PBXTargetDependency section */

/* Begin PBXVariantGroup section */
		607FACD91AFB9204008FA782 /* Main.storyboard */ = {
			isa = PBXVariantGroup;
			children = (
				607FACDA1AFB9204008FA782 /* Base */,
			);
			name = Main.storyboard;
			sourceTree = "<group>";
		};
		607FACDE1AFB9204008FA782 /* LaunchScreen.xib */ = {
			isa = PBXVariantGroup;
			children = (
				607FACDF1AFB9204008FA782 /* Base */,
			);
			name = LaunchScreen.xib;
			sourceTree = "<group>";
		};
/* End PBXVariantGroup section */

/* Begin XCBuildConfiguration section */
		607FACED1AFB9204008FA782 /* Debug */ = {
			isa = XCBuildConfiguration;
			buildSettings = {
				ALWAYS_SEARCH_USER_PATHS = NO;
				CLANG_CXX_LANGUAGE_STANDARD = "gnu++0x";
				CLANG_CXX_LIBRARY = "libc++";
				CLANG_ENABLE_MODULES = YES;
				CLANG_ENABLE_OBJC_ARC = YES;
				CLANG_WARN_BLOCK_CAPTURE_AUTORELEASING = YES;
				CLANG_WARN_BOOL_CONVERSION = YES;
				CLANG_WARN_COMMA = YES;
				CLANG_WARN_CONSTANT_CONVERSION = YES;
				CLANG_WARN_DEPRECATED_OBJC_IMPLEMENTATIONS = YES;
				CLANG_WARN_DIRECT_OBJC_ISA_USAGE = YES_ERROR;
				CLANG_WARN_EMPTY_BODY = YES;
				CLANG_WARN_ENUM_CONVERSION = YES;
				CLANG_WARN_INFINITE_RECURSION = YES;
				CLANG_WARN_INT_CONVERSION = YES;
				CLANG_WARN_NON_LITERAL_NULL_CONVERSION = YES;
				CLANG_WARN_OBJC_IMPLICIT_RETAIN_SELF = YES;
				CLANG_WARN_OBJC_LITERAL_CONVERSION = YES;
				CLANG_WARN_OBJC_ROOT_CLASS = YES_ERROR;
				CLANG_WARN_RANGE_LOOP_ANALYSIS = YES;
				CLANG_WARN_STRICT_PROTOTYPES = YES;
				CLANG_WARN_SUSPICIOUS_MOVE = YES;
				CLANG_WARN_UNREACHABLE_CODE = YES;
				CLANG_WARN__DUPLICATE_METHOD_MATCH = YES;
				"CODE_SIGN_IDENTITY[sdk=iphoneos*]" = "iPhone Developer";
				COPY_PHASE_STRIP = NO;
				DEBUG_INFORMATION_FORMAT = "dwarf-with-dsym";
				ENABLE_STRICT_OBJC_MSGSEND = YES;
				ENABLE_TESTABILITY = YES;
				GCC_C_LANGUAGE_STANDARD = gnu99;
				GCC_DYNAMIC_NO_PIC = NO;
				GCC_NO_COMMON_BLOCKS = YES;
				GCC_OPTIMIZATION_LEVEL = 0;
				GCC_PREPROCESSOR_DEFINITIONS = (
					"DEBUG=1",
					"$(inherited)",
				);
				GCC_SYMBOLS_PRIVATE_EXTERN = NO;
				GCC_WARN_64_TO_32_BIT_CONVERSION = YES;
				GCC_WARN_ABOUT_RETURN_TYPE = YES_ERROR;
				GCC_WARN_UNDECLARED_SELECTOR = YES;
				GCC_WARN_UNINITIALIZED_AUTOS = YES_AGGRESSIVE;
				GCC_WARN_UNUSED_FUNCTION = YES;
				GCC_WARN_UNUSED_VARIABLE = YES;
				IPHONEOS_DEPLOYMENT_TARGET = 10.0;
				MTL_ENABLE_DEBUG_INFO = YES;
				ONLY_ACTIVE_ARCH = YES;
				SDKROOT = iphoneos;
				SWIFT_OPTIMIZATION_LEVEL = "-Onone";
			};
			name = Debug;
		};
		607FACEE1AFB9204008FA782 /* Release */ = {
			isa = XCBuildConfiguration;
			buildSettings = {
				ALWAYS_SEARCH_USER_PATHS = NO;
				CLANG_CXX_LANGUAGE_STANDARD = "gnu++0x";
				CLANG_CXX_LIBRARY = "libc++";
				CLANG_ENABLE_MODULES = YES;
				CLANG_ENABLE_OBJC_ARC = YES;
				CLANG_WARN_BLOCK_CAPTURE_AUTORELEASING = YES;
				CLANG_WARN_BOOL_CONVERSION = YES;
				CLANG_WARN_COMMA = YES;
				CLANG_WARN_CONSTANT_CONVERSION = YES;
				CLANG_WARN_DEPRECATED_OBJC_IMPLEMENTATIONS = YES;
				CLANG_WARN_DIRECT_OBJC_ISA_USAGE = YES_ERROR;
				CLANG_WARN_EMPTY_BODY = YES;
				CLANG_WARN_ENUM_CONVERSION = YES;
				CLANG_WARN_INFINITE_RECURSION = YES;
				CLANG_WARN_INT_CONVERSION = YES;
				CLANG_WARN_NON_LITERAL_NULL_CONVERSION = YES;
				CLANG_WARN_OBJC_IMPLICIT_RETAIN_SELF = YES;
				CLANG_WARN_OBJC_LITERAL_CONVERSION = YES;
				CLANG_WARN_OBJC_ROOT_CLASS = YES_ERROR;
				CLANG_WARN_RANGE_LOOP_ANALYSIS = YES;
				CLANG_WARN_STRICT_PROTOTYPES = YES;
				CLANG_WARN_SUSPICIOUS_MOVE = YES;
				CLANG_WARN_UNREACHABLE_CODE = YES;
				CLANG_WARN__DUPLICATE_METHOD_MATCH = YES;
				"CODE_SIGN_IDENTITY[sdk=iphoneos*]" = "iPhone Developer";
				COPY_PHASE_STRIP = NO;
				DEBUG_INFORMATION_FORMAT = "dwarf-with-dsym";
				ENABLE_NS_ASSERTIONS = NO;
				ENABLE_STRICT_OBJC_MSGSEND = YES;
				GCC_C_LANGUAGE_STANDARD = gnu99;
				GCC_NO_COMMON_BLOCKS = YES;
				GCC_WARN_64_TO_32_BIT_CONVERSION = YES;
				GCC_WARN_ABOUT_RETURN_TYPE = YES_ERROR;
				GCC_WARN_UNDECLARED_SELECTOR = YES;
				GCC_WARN_UNINITIALIZED_AUTOS = YES_AGGRESSIVE;
				GCC_WARN_UNUSED_FUNCTION = YES;
				GCC_WARN_UNUSED_VARIABLE = YES;
				IPHONEOS_DEPLOYMENT_TARGET = 10.0;
				MTL_ENABLE_DEBUG_INFO = NO;
				SDKROOT = iphoneos;
				SWIFT_OPTIMIZATION_LEVEL = "-Owholemodule";
				VALIDATE_PRODUCT = YES;
			};
			name = Release;
		};
		607FACF01AFB9204008FA782 /* Debug */ = {
			isa = XCBuildConfiguration;
			baseConfigurationReference = 0B03B68EAC742F53F057C99E /* Pods-BlockV_Example.debug.xcconfig */;
			buildSettings = {
				ASSETCATALOG_COMPILER_APPICON_NAME = AppIcon;
				"CODE_SIGN_IDENTITY[sdk=iphoneos*]" = "iPhone Developer";
				CODE_SIGN_STYLE = Automatic;
				DEVELOPMENT_TEAM = WA2R22UJPX;
				INFOPLIST_FILE = BlockV/Info.plist;
				IPHONEOS_DEPLOYMENT_TARGET = 10.0;
				LD_RUNPATH_SEARCH_PATHS = "$(inherited) @executable_path/Frameworks";
				MODULE_NAME = ExampleApp;
				PRODUCT_BUNDLE_IDENTIFIER = "io.blockv.vatom-sdk-example-app";
				PRODUCT_NAME = "$(TARGET_NAME)";
				PROVISIONING_PROFILE_SPECIFIER = "";
				SWIFT_SWIFT3_OBJC_INFERENCE = Default;
				SWIFT_VERSION = 4.0;
				TARGETED_DEVICE_FAMILY = "1,2";
			};
			name = Debug;
		};
		607FACF11AFB9204008FA782 /* Release */ = {
			isa = XCBuildConfiguration;
			baseConfigurationReference = BC27A08D03F2D2401C48F394 /* Pods-BlockV_Example.release.xcconfig */;
			buildSettings = {
				ASSETCATALOG_COMPILER_APPICON_NAME = AppIcon;
				"CODE_SIGN_IDENTITY[sdk=iphoneos*]" = "iPhone Developer";
				CODE_SIGN_STYLE = Automatic;
				DEVELOPMENT_TEAM = WA2R22UJPX;
				INFOPLIST_FILE = BlockV/Info.plist;
				IPHONEOS_DEPLOYMENT_TARGET = 10.0;
				LD_RUNPATH_SEARCH_PATHS = "$(inherited) @executable_path/Frameworks";
				MODULE_NAME = ExampleApp;
				PRODUCT_BUNDLE_IDENTIFIER = "io.blockv.vatom-sdk-example-app";
				PRODUCT_NAME = "$(TARGET_NAME)";
				PROVISIONING_PROFILE_SPECIFIER = "";
				SWIFT_SWIFT3_OBJC_INFERENCE = Default;
				SWIFT_VERSION = 4.0;
				TARGETED_DEVICE_FAMILY = "1,2";
			};
			name = Release;
		};
		607FACF31AFB9204008FA782 /* Debug */ = {
			isa = XCBuildConfiguration;
			baseConfigurationReference = A8F8F6BF41E2864BD8FA3FB7 /* Pods-BlockV_Tests.debug.xcconfig */;
			buildSettings = {
				DEVELOPMENT_TEAM = 4CTEXATCUR;
				FRAMEWORK_SEARCH_PATHS = (
					"$(SDKROOT)/Developer/Library/Frameworks",
					"$(inherited)",
				);
				GCC_PREPROCESSOR_DEFINITIONS = (
					"DEBUG=1",
					"$(inherited)",
				);
				INFOPLIST_FILE = Tests/Info.plist;
				LD_RUNPATH_SEARCH_PATHS = "$(inherited) @executable_path/Frameworks @loader_path/Frameworks";
				PRODUCT_BUNDLE_IDENTIFIER = "org.cocoapods.$(PRODUCT_NAME:rfc1034identifier)";
				PRODUCT_NAME = "$(TARGET_NAME)";
				SWIFT_SWIFT3_OBJC_INFERENCE = Default;
				SWIFT_VERSION = 4.0;
				TEST_HOST = "$(BUILT_PRODUCTS_DIR)/BlockV_Example.app/BlockV_Example";
			};
			name = Debug;
		};
		607FACF41AFB9204008FA782 /* Release */ = {
			isa = XCBuildConfiguration;
			baseConfigurationReference = 6F6694DB9BF713D3EF69B6B5 /* Pods-BlockV_Tests.release.xcconfig */;
			buildSettings = {
				DEVELOPMENT_TEAM = 4CTEXATCUR;
				FRAMEWORK_SEARCH_PATHS = (
					"$(SDKROOT)/Developer/Library/Frameworks",
					"$(inherited)",
				);
				INFOPLIST_FILE = Tests/Info.plist;
				LD_RUNPATH_SEARCH_PATHS = "$(inherited) @executable_path/Frameworks @loader_path/Frameworks";
				PRODUCT_BUNDLE_IDENTIFIER = "org.cocoapods.$(PRODUCT_NAME:rfc1034identifier)";
				PRODUCT_NAME = "$(TARGET_NAME)";
				SWIFT_SWIFT3_OBJC_INFERENCE = Default;
				SWIFT_VERSION = 4.0;
				TEST_HOST = "$(BUILT_PRODUCTS_DIR)/BlockV_Example.app/BlockV_Example";
			};
			name = Release;
		};
/* End XCBuildConfiguration section */

/* Begin XCConfigurationList section */
		607FACCB1AFB9204008FA782 /* Build configuration list for PBXProject "BlockV" */ = {
			isa = XCConfigurationList;
			buildConfigurations = (
				607FACED1AFB9204008FA782 /* Debug */,
				607FACEE1AFB9204008FA782 /* Release */,
			);
			defaultConfigurationIsVisible = 0;
			defaultConfigurationName = Release;
		};
		607FACEF1AFB9204008FA782 /* Build configuration list for PBXNativeTarget "BlockV_Example" */ = {
			isa = XCConfigurationList;
			buildConfigurations = (
				607FACF01AFB9204008FA782 /* Debug */,
				607FACF11AFB9204008FA782 /* Release */,
			);
			defaultConfigurationIsVisible = 0;
			defaultConfigurationName = Release;
		};
		607FACF21AFB9204008FA782 /* Build configuration list for PBXNativeTarget "BlockV_Tests" */ = {
			isa = XCConfigurationList;
			buildConfigurations = (
				607FACF31AFB9204008FA782 /* Debug */,
				607FACF41AFB9204008FA782 /* Release */,
			);
			defaultConfigurationIsVisible = 0;
			defaultConfigurationName = Release;
		};
/* End XCConfigurationList section */
	};
	rootObject = 607FACC81AFB9204008FA782 /* Project object */;
}
