// !$*UTF8*$!
{
	archiveVersion = 1;
	classes = {
	};
	objectVersion = 46;
	objects = {

/* Begin PBXBuildFile section */
		607FACD61AFB9204008FA782 /* AppDelegate.swift in Sources */ = {isa = PBXBuildFile; fileRef = 607FACD51AFB9204008FA782 /* AppDelegate.swift */; };
		607FACDB1AFB9204008FA782 /* Main.storyboard in Resources */ = {isa = PBXBuildFile; fileRef = 607FACD91AFB9204008FA782 /* Main.storyboard */; };
		607FACDD1AFB9204008FA782 /* Images.xcassets in Resources */ = {isa = PBXBuildFile; fileRef = 607FACDC1AFB9204008FA782 /* Images.xcassets */; };
		607FACE01AFB9204008FA782 /* LaunchScreen.xib in Resources */ = {isa = PBXBuildFile; fileRef = 607FACDE1AFB9204008FA782 /* LaunchScreen.xib */; };
		AD0BCC8E217769D7001836DE /* GenericJsonMerge_Tests.swift in Sources */ = {isa = PBXBuildFile; fileRef = AD0BCC8D217769D7001836DE /* GenericJsonMerge_Tests.swift */; };
		AD0BCC922178828A001836DE /* VatomModelUpdate_Tests.swift in Sources */ = {isa = PBXBuildFile; fileRef = AD0BCC912178828A001836DE /* VatomModelUpdate_Tests.swift */; };
		AD0BCC98217A0106001836DE /* LiveVatomView.swift in Sources */ = {isa = PBXBuildFile; fileRef = AD0BCC97217A0106001836DE /* LiveVatomView.swift */; };
		AD36A59F215D1CE4009EFD55 /* CustomLoaderView.swift in Sources */ = {isa = PBXBuildFile; fileRef = AD36A59E215D1CE4009EFD55 /* CustomLoaderView.swift */; };
		AD36A5B0215E3578009EFD55 /* CHANGELOG.md in Resources */ = {isa = PBXBuildFile; fileRef = AD36A5AF215E3578009EFD55 /* CHANGELOG.md */; };
		AD3DB5302157FD7200E00B67 /* TappedVatomViewController.swift in Sources */ = {isa = PBXBuildFile; fileRef = AD3DB52F2157FD7200E00B67 /* TappedVatomViewController.swift */; };
		AD46B8132182D744005C2567 /* KeyPath_Tests.swift in Sources */ = {isa = PBXBuildFile; fileRef = AD46B8122182D744005C2567 /* KeyPath_Tests.swift */; };
		AD61462E213DC88700204E5B /* FaceSelectionProcedure_Tests.swift in Sources */ = {isa = PBXBuildFile; fileRef = AD61462A213DC83D00204E5B /* FaceSelectionProcedure_Tests.swift */; };
		AD61462F213DC88B00204E5B /* MockModelFaces.swift in Sources */ = {isa = PBXBuildFile; fileRef = AD61462C213DC87100204E5B /* MockModelFaces.swift */; };
		AD6AE088218857C7005105E2 /* CustomProcedure.swift in Sources */ = {isa = PBXBuildFile; fileRef = AD6AE087218857C7005105E2 /* CustomProcedure.swift */; };
		AD920A5B215FB47200CEFC1D /* UserInfoTableViewController.swift in Sources */ = {isa = PBXBuildFile; fileRef = AD920A58215FB47100CEFC1D /* UserInfoTableViewController.swift */; };
		AD920A5C215FB47200CEFC1D /* PasswordTableViewController.swift in Sources */ = {isa = PBXBuildFile; fileRef = AD920A59215FB47200CEFC1D /* PasswordTableViewController.swift */; };
		AD920A5D215FB47200CEFC1D /* ProfileViewController.swift in Sources */ = {isa = PBXBuildFile; fileRef = AD920A5A215FB47200CEFC1D /* ProfileViewController.swift */; };
		CDC268C7232CDB5AF1386116 /* Pods_BlockV_Example.framework in Frameworks */ = {isa = PBXBuildFile; fileRef = 4DE93FD598C0B61200B996A4 /* Pods_BlockV_Example.framework */; settings = {ATTRIBUTES = (Required, ); }; };
		D519A84B205E83AB006B0D19 /* VatomDetailTableViewController.swift in Sources */ = {isa = PBXBuildFile; fileRef = D519A84A205E83AB006B0D19 /* VatomDetailTableViewController.swift */; };
		D530759C21119E2A00DE7FD0 /* MockModels.swift in Sources */ = {isa = PBXBuildFile; fileRef = D5307588211199C200DE7FD0 /* MockModels.swift */; };
		D530759F2111CC5200DE7FD0 /* Test+Utils.swift in Sources */ = {isa = PBXBuildFile; fileRef = D530759E2111CC5200DE7FD0 /* Test+Utils.swift */; };
		D53075A42112E9E000DE7FD0 /* FaceModel_Tests.swift in Sources */ = {isa = PBXBuildFile; fileRef = D53075A32112E9E000DE7FD0 /* FaceModel_Tests.swift */; };
		D5475764205D124100E6FE90 /* UIView+Ext.swift in Sources */ = {isa = PBXBuildFile; fileRef = D5475763205D124100E6FE90 /* UIView+Ext.swift */; };
		D547576B205E67AD00E6FE90 /* VatomCell.swift in Sources */ = {isa = PBXBuildFile; fileRef = D547576A205E67AD00E6FE90 /* VatomCell.swift */; };
		D55B21E02052772400B6D5C2 /* VerifyTableViewController.swift in Sources */ = {isa = PBXBuildFile; fileRef = D55B21DF2052772400B6D5C2 /* VerifyTableViewController.swift */; };
		D55B21E520527EB400B6D5C2 /* TokenCell.swift in Sources */ = {isa = PBXBuildFile; fileRef = D55B21E420527EB400B6D5C2 /* TokenCell.swift */; };
		D55B21EA2052E38000B6D5C2 /* RoundedImageView.swift in Sources */ = {isa = PBXBuildFile; fileRef = D55B21E92052E38000B6D5C2 /* RoundedImageView.swift */; };
		D55B21EE2053E24900B6D5C2 /* TitleValueCell.swift in Sources */ = {isa = PBXBuildFile; fileRef = D55B21ED2053E24900B6D5C2 /* TitleValueCell.swift */; };
		D55B21F020540AC200B6D5C2 /* RegisterTableViewController.swift in Sources */ = {isa = PBXBuildFile; fileRef = D55B21EF20540AC200B6D5C2 /* RegisterTableViewController.swift */; };
		D55B21F52056745700B6D5C2 /* UIViewController+Ext.swift in Sources */ = {isa = PBXBuildFile; fileRef = D55B21F42056745700B6D5C2 /* UIViewController+Ext.swift */; };
		D55B21F92056DE6D00B6D5C2 /* UIColor+Ext.swift in Sources */ = {isa = PBXBuildFile; fileRef = D55B21F82056DE6D00B6D5C2 /* UIColor+Ext.swift */; };
		D55B21FB2056E04B00B6D5C2 /* InventoryCollectionViewController.swift in Sources */ = {isa = PBXBuildFile; fileRef = D55B21FA2056E04B00B6D5C2 /* InventoryCollectionViewController.swift */; };
		D5728D5C206131980041F4F7 /* TransferActionViewController.swift in Sources */ = {isa = PBXBuildFile; fileRef = D5728D5B206131980041F4F7 /* TransferActionViewController.swift */; };
		D5728D5E206155600041F4F7 /* ActionListTableViewController.swift in Sources */ = {isa = PBXBuildFile; fileRef = D5728D5D206155600041F4F7 /* ActionListTableViewController.swift */; };
		D597FF272051305A009B2910 /* UIAlertController+Etx.swift in Sources */ = {isa = PBXBuildFile; fileRef = D597FF262051305A009B2910 /* UIAlertController+Etx.swift */; };
		D59C7DDD206CE1D000FCE1DD /* Actions.storyboard in Resources */ = {isa = PBXBuildFile; fileRef = D59C7DDC206CE1D000FCE1DD /* Actions.storyboard */; };
		D5E3AC9F2049883900CFFEEA /* LoginViewController.swift in Sources */ = {isa = PBXBuildFile; fileRef = D5E3AC9E2049883800CFFEEA /* LoginViewController.swift */; };
		FE05FFA026A3E5A0C79B6E20 /* Pods_BLOCKv_Unit_Tests.framework in Frameworks */ = {isa = PBXBuildFile; fileRef = 7956FE101E9335CDDC8248F3 /* Pods_BLOCKv_Unit_Tests.framework */; };
/* End PBXBuildFile section */

/* Begin PBXContainerItemProxy section */
		D530759621119E0E00DE7FD0 /* PBXContainerItemProxy */ = {
			isa = PBXContainerItemProxy;
			containerPortal = 607FACC81AFB9204008FA782 /* Project object */;
			proxyType = 1;
			remoteGlobalIDString = 607FACCF1AFB9204008FA782;
			remoteInfo = BlockV_Example;
		};
/* End PBXContainerItemProxy section */

/* Begin PBXFileReference section */
		06192B242F07228474ADC183 /* Pods-BlockV_Example.prod.xcconfig */ = {isa = PBXFileReference; includeInIndex = 1; lastKnownFileType = text.xcconfig; name = "Pods-BlockV_Example.prod.xcconfig"; path = "Pods/Target Support Files/Pods-BlockV_Example/Pods-BlockV_Example.prod.xcconfig"; sourceTree = "<group>"; };
		0B03B68EAC742F53F057C99E /* Pods-BlockV_Example.debug.xcconfig */ = {isa = PBXFileReference; includeInIndex = 1; lastKnownFileType = text.xcconfig; name = "Pods-BlockV_Example.debug.xcconfig"; path = "Pods/Target Support Files/Pods-BlockV_Example/Pods-BlockV_Example.debug.xcconfig"; sourceTree = "<group>"; };
		1D5DEDC397E0FEB56C8DD44E /* Pods-BlockV_Tests.prod.xcconfig */ = {isa = PBXFileReference; includeInIndex = 1; lastKnownFileType = text.xcconfig; name = "Pods-BlockV_Tests.prod.xcconfig"; path = "Pods/Target Support Files/Pods-BlockV_Tests/Pods-BlockV_Tests.prod.xcconfig"; sourceTree = "<group>"; };
		1F3D93F779A140BD79E74900 /* Pods_BlockV_Tests.framework */ = {isa = PBXFileReference; explicitFileType = wrapper.framework; includeInIndex = 0; path = Pods_BlockV_Tests.framework; sourceTree = BUILT_PRODUCTS_DIR; };
		25AD9BFB1303AC26340CEFDD /* Pods-BLOCKv_Unit_Tests.debug.xcconfig */ = {isa = PBXFileReference; includeInIndex = 1; lastKnownFileType = text.xcconfig; name = "Pods-BLOCKv_Unit_Tests.debug.xcconfig"; path = "Pods/Target Support Files/Pods-BLOCKv_Unit_Tests/Pods-BLOCKv_Unit_Tests.debug.xcconfig"; sourceTree = "<group>"; };
		4DE93FD598C0B61200B996A4 /* Pods_BlockV_Example.framework */ = {isa = PBXFileReference; explicitFileType = wrapper.framework; includeInIndex = 0; path = Pods_BlockV_Example.framework; sourceTree = BUILT_PRODUCTS_DIR; };
		52747DA4FEB4FEA74F0FB3DD /* Pods-BLOCKv Unit Tests.debug.xcconfig */ = {isa = PBXFileReference; includeInIndex = 1; lastKnownFileType = text.xcconfig; name = "Pods-BLOCKv Unit Tests.debug.xcconfig"; path = "Pods/Target Support Files/Pods-BLOCKv Unit Tests/Pods-BLOCKv Unit Tests.debug.xcconfig"; sourceTree = "<group>"; };
		566E0CFB8A3F5A1CF8A573E1 /* Pods-BLOCKv Unit Tests.prod.xcconfig */ = {isa = PBXFileReference; includeInIndex = 1; lastKnownFileType = text.xcconfig; name = "Pods-BLOCKv Unit Tests.prod.xcconfig"; path = "Pods/Target Support Files/Pods-BLOCKv Unit Tests/Pods-BLOCKv Unit Tests.prod.xcconfig"; sourceTree = "<group>"; };
		5DA1585BD766103C2E8FB09E /* Pods-BLOCKv Unit Tests.dev.xcconfig */ = {isa = PBXFileReference; includeInIndex = 1; lastKnownFileType = text.xcconfig; name = "Pods-BLOCKv Unit Tests.dev.xcconfig"; path = "Pods/Target Support Files/Pods-BLOCKv Unit Tests/Pods-BLOCKv Unit Tests.dev.xcconfig"; sourceTree = "<group>"; };
		607FACD01AFB9204008FA782 /* BlockV_Example.app */ = {isa = PBXFileReference; explicitFileType = wrapper.application; includeInIndex = 0; path = BlockV_Example.app; sourceTree = BUILT_PRODUCTS_DIR; };
		607FACD41AFB9204008FA782 /* Info.plist */ = {isa = PBXFileReference; lastKnownFileType = text.plist.xml; path = Info.plist; sourceTree = "<group>"; };
		607FACD51AFB9204008FA782 /* AppDelegate.swift */ = {isa = PBXFileReference; lastKnownFileType = sourcecode.swift; path = AppDelegate.swift; sourceTree = "<group>"; };
		607FACDA1AFB9204008FA782 /* Base */ = {isa = PBXFileReference; lastKnownFileType = file.storyboard; name = Base; path = Base.lproj/Main.storyboard; sourceTree = "<group>"; };
		607FACDC1AFB9204008FA782 /* Images.xcassets */ = {isa = PBXFileReference; lastKnownFileType = folder.assetcatalog; path = Images.xcassets; sourceTree = "<group>"; };
		607FACDF1AFB9204008FA782 /* Base */ = {isa = PBXFileReference; lastKnownFileType = file.xib; name = Base; path = Base.lproj/LaunchScreen.xib; sourceTree = "<group>"; };
		6F6694DB9BF713D3EF69B6B5 /* Pods-BlockV_Tests.release.xcconfig */ = {isa = PBXFileReference; includeInIndex = 1; lastKnownFileType = text.xcconfig; name = "Pods-BlockV_Tests.release.xcconfig"; path = "Pods/Target Support Files/Pods-BlockV_Tests/Pods-BlockV_Tests.release.xcconfig"; sourceTree = "<group>"; };
		7956FE101E9335CDDC8248F3 /* Pods_BLOCKv_Unit_Tests.framework */ = {isa = PBXFileReference; explicitFileType = wrapper.framework; includeInIndex = 0; path = Pods_BLOCKv_Unit_Tests.framework; sourceTree = BUILT_PRODUCTS_DIR; };
		86A0806A35212DD33474BDB7 /* BLOCKv.podspec */ = {isa = PBXFileReference; includeInIndex = 1; lastKnownFileType = text; name = BLOCKv.podspec; path = ../BLOCKv.podspec; sourceTree = "<group>"; xcLanguageSpecificationIdentifier = xcode.lang.ruby; };
		9D13ED2F7C05A03393975587 /* Pods-BLOCKv_Unit_Tests.dev.xcconfig */ = {isa = PBXFileReference; includeInIndex = 1; lastKnownFileType = text.xcconfig; name = "Pods-BLOCKv_Unit_Tests.dev.xcconfig"; path = "Pods/Target Support Files/Pods-BLOCKv_Unit_Tests/Pods-BLOCKv_Unit_Tests.dev.xcconfig"; sourceTree = "<group>"; };
		A11EBD956A70C6C7890F053F /* Pods-BLOCKv_Unit_Tests.prod.xcconfig */ = {isa = PBXFileReference; includeInIndex = 1; lastKnownFileType = text.xcconfig; name = "Pods-BLOCKv_Unit_Tests.prod.xcconfig"; path = "Pods/Target Support Files/Pods-BLOCKv_Unit_Tests/Pods-BLOCKv_Unit_Tests.prod.xcconfig"; sourceTree = "<group>"; };
		A8F8F6BF41E2864BD8FA3FB7 /* Pods-BlockV_Tests.debug.xcconfig */ = {isa = PBXFileReference; includeInIndex = 1; lastKnownFileType = text.xcconfig; name = "Pods-BlockV_Tests.debug.xcconfig"; path = "Pods/Target Support Files/Pods-BlockV_Tests/Pods-BlockV_Tests.debug.xcconfig"; sourceTree = "<group>"; };
		AC9D73DE9B5506A2FFBB74EE /* LICENSE */ = {isa = PBXFileReference; includeInIndex = 1; lastKnownFileType = text; name = LICENSE; path = ../LICENSE; sourceTree = "<group>"; };
		AD0BCC8D217769D7001836DE /* GenericJsonMerge_Tests.swift */ = {isa = PBXFileReference; lastKnownFileType = sourcecode.swift; path = GenericJsonMerge_Tests.swift; sourceTree = "<group>"; };
		AD0BCC912178828A001836DE /* VatomModelUpdate_Tests.swift */ = {isa = PBXFileReference; lastKnownFileType = sourcecode.swift; path = VatomModelUpdate_Tests.swift; sourceTree = "<group>"; };
		AD0BCC97217A0106001836DE /* LiveVatomView.swift */ = {isa = PBXFileReference; fileEncoding = 4; lastKnownFileType = sourcecode.swift; path = LiveVatomView.swift; sourceTree = "<group>"; };
		AD36A59E215D1CE4009EFD55 /* CustomLoaderView.swift */ = {isa = PBXFileReference; lastKnownFileType = sourcecode.swift; path = CustomLoaderView.swift; sourceTree = "<group>"; };
		AD36A5AF215E3578009EFD55 /* CHANGELOG.md */ = {isa = PBXFileReference; fileEncoding = 4; lastKnownFileType = net.daringfireball.markdown; name = CHANGELOG.md; path = ../CHANGELOG.md; sourceTree = "<group>"; };
		AD3DB52F2157FD7200E00B67 /* TappedVatomViewController.swift */ = {isa = PBXFileReference; fileEncoding = 4; lastKnownFileType = sourcecode.swift; path = TappedVatomViewController.swift; sourceTree = "<group>"; };
		AD46B8122182D744005C2567 /* KeyPath_Tests.swift */ = {isa = PBXFileReference; lastKnownFileType = sourcecode.swift; path = KeyPath_Tests.swift; sourceTree = "<group>"; };
		AD61462A213DC83D00204E5B /* FaceSelectionProcedure_Tests.swift */ = {isa = PBXFileReference; lastKnownFileType = sourcecode.swift; path = FaceSelectionProcedure_Tests.swift; sourceTree = "<group>"; };
		AD61462C213DC87100204E5B /* MockModelFaces.swift */ = {isa = PBXFileReference; lastKnownFileType = sourcecode.swift; path = MockModelFaces.swift; sourceTree = "<group>"; };
		AD6AE087218857C7005105E2 /* CustomProcedure.swift */ = {isa = PBXFileReference; lastKnownFileType = sourcecode.swift; path = CustomProcedure.swift; sourceTree = "<group>"; };
		AD920A58215FB47100CEFC1D /* UserInfoTableViewController.swift */ = {isa = PBXFileReference; fileEncoding = 4; lastKnownFileType = sourcecode.swift; path = UserInfoTableViewController.swift; sourceTree = "<group>"; };
		AD920A59215FB47200CEFC1D /* PasswordTableViewController.swift */ = {isa = PBXFileReference; fileEncoding = 4; lastKnownFileType = sourcecode.swift; path = PasswordTableViewController.swift; sourceTree = "<group>"; };
		AD920A5A215FB47200CEFC1D /* ProfileViewController.swift */ = {isa = PBXFileReference; fileEncoding = 4; lastKnownFileType = sourcecode.swift; path = ProfileViewController.swift; sourceTree = "<group>"; };
		B5A79A9FDD3524D3628C080E /* Pods-BlockV_Example.dev.xcconfig */ = {isa = PBXFileReference; includeInIndex = 1; lastKnownFileType = text.xcconfig; name = "Pods-BlockV_Example.dev.xcconfig"; path = "Pods/Target Support Files/Pods-BlockV_Example/Pods-BlockV_Example.dev.xcconfig"; sourceTree = "<group>"; };
		BC27A08D03F2D2401C48F394 /* Pods-BlockV_Example.release.xcconfig */ = {isa = PBXFileReference; includeInIndex = 1; lastKnownFileType = text.xcconfig; name = "Pods-BlockV_Example.release.xcconfig"; path = "Pods/Target Support Files/Pods-BlockV_Example/Pods-BlockV_Example.release.xcconfig"; sourceTree = "<group>"; };
		C55D0BD7FD8ECD417C235202 /* README.md */ = {isa = PBXFileReference; includeInIndex = 1; lastKnownFileType = net.daringfireball.markdown; name = README.md; path = ../README.md; sourceTree = "<group>"; };
		CB05032DBDAACFFC17BA9C27 /* Pods-BlockV_Tests.dev.xcconfig */ = {isa = PBXFileReference; includeInIndex = 1; lastKnownFileType = text.xcconfig; name = "Pods-BlockV_Tests.dev.xcconfig"; path = "Pods/Target Support Files/Pods-BlockV_Tests/Pods-BlockV_Tests.dev.xcconfig"; sourceTree = "<group>"; };
		D519A84A205E83AB006B0D19 /* VatomDetailTableViewController.swift */ = {isa = PBXFileReference; lastKnownFileType = sourcecode.swift; path = VatomDetailTableViewController.swift; sourceTree = "<group>"; };
		D5307588211199C200DE7FD0 /* MockModels.swift */ = {isa = PBXFileReference; lastKnownFileType = sourcecode.swift; path = MockModels.swift; sourceTree = "<group>"; };
		D530759121119E0E00DE7FD0 /* BLOCKv_Unit_Tests.xctest */ = {isa = PBXFileReference; explicitFileType = wrapper.cfbundle; includeInIndex = 0; path = BLOCKv_Unit_Tests.xctest; sourceTree = BUILT_PRODUCTS_DIR; };
		D530759521119E0E00DE7FD0 /* Info.plist */ = {isa = PBXFileReference; lastKnownFileType = text.plist.xml; path = Info.plist; sourceTree = "<group>"; };
		D530759E2111CC5200DE7FD0 /* Test+Utils.swift */ = {isa = PBXFileReference; lastKnownFileType = sourcecode.swift; path = "Test+Utils.swift"; sourceTree = "<group>"; };
		D53075A32112E9E000DE7FD0 /* FaceModel_Tests.swift */ = {isa = PBXFileReference; lastKnownFileType = sourcecode.swift; path = FaceModel_Tests.swift; sourceTree = "<group>"; };
		D5475763205D124100E6FE90 /* UIView+Ext.swift */ = {isa = PBXFileReference; lastKnownFileType = sourcecode.swift; path = "UIView+Ext.swift"; sourceTree = "<group>"; };
		D547576A205E67AD00E6FE90 /* VatomCell.swift */ = {isa = PBXFileReference; lastKnownFileType = sourcecode.swift; path = VatomCell.swift; sourceTree = "<group>"; };
		D55B21DF2052772400B6D5C2 /* VerifyTableViewController.swift */ = {isa = PBXFileReference; lastKnownFileType = sourcecode.swift; path = VerifyTableViewController.swift; sourceTree = "<group>"; };
		D55B21E420527EB400B6D5C2 /* TokenCell.swift */ = {isa = PBXFileReference; lastKnownFileType = sourcecode.swift; path = TokenCell.swift; sourceTree = "<group>"; };
		D55B21E92052E38000B6D5C2 /* RoundedImageView.swift */ = {isa = PBXFileReference; lastKnownFileType = sourcecode.swift; path = RoundedImageView.swift; sourceTree = "<group>"; };
		D55B21ED2053E24900B6D5C2 /* TitleValueCell.swift */ = {isa = PBXFileReference; lastKnownFileType = sourcecode.swift; path = TitleValueCell.swift; sourceTree = "<group>"; };
		D55B21EF20540AC200B6D5C2 /* RegisterTableViewController.swift */ = {isa = PBXFileReference; lastKnownFileType = sourcecode.swift; path = RegisterTableViewController.swift; sourceTree = "<group>"; };
		D55B21F42056745700B6D5C2 /* UIViewController+Ext.swift */ = {isa = PBXFileReference; lastKnownFileType = sourcecode.swift; path = "UIViewController+Ext.swift"; sourceTree = "<group>"; };
		D55B21F82056DE6D00B6D5C2 /* UIColor+Ext.swift */ = {isa = PBXFileReference; lastKnownFileType = sourcecode.swift; path = "UIColor+Ext.swift"; sourceTree = "<group>"; };
		D55B21FA2056E04B00B6D5C2 /* InventoryCollectionViewController.swift */ = {isa = PBXFileReference; lastKnownFileType = sourcecode.swift; path = InventoryCollectionViewController.swift; sourceTree = "<group>"; };
		D5728D5B206131980041F4F7 /* TransferActionViewController.swift */ = {isa = PBXFileReference; lastKnownFileType = sourcecode.swift; path = TransferActionViewController.swift; sourceTree = "<group>"; };
		D5728D5D206155600041F4F7 /* ActionListTableViewController.swift */ = {isa = PBXFileReference; lastKnownFileType = sourcecode.swift; path = ActionListTableViewController.swift; sourceTree = "<group>"; };
		D597FF262051305A009B2910 /* UIAlertController+Etx.swift */ = {isa = PBXFileReference; lastKnownFileType = sourcecode.swift; path = "UIAlertController+Etx.swift"; sourceTree = "<group>"; };
		D59C7DDC206CE1D000FCE1DD /* Actions.storyboard */ = {isa = PBXFileReference; lastKnownFileType = file.storyboard; path = Actions.storyboard; sourceTree = "<group>"; };
		D5E3AC9E2049883800CFFEEA /* LoginViewController.swift */ = {isa = PBXFileReference; lastKnownFileType = sourcecode.swift; path = LoginViewController.swift; sourceTree = "<group>"; };
/* End PBXFileReference section */

/* Begin PBXFrameworksBuildPhase section */
		607FACCD1AFB9204008FA782 /* Frameworks */ = {
			isa = PBXFrameworksBuildPhase;
			buildActionMask = 2147483647;
			files = (
				CDC268C7232CDB5AF1386116 /* Pods_BlockV_Example.framework in Frameworks */,
			);
			runOnlyForDeploymentPostprocessing = 0;
		};
		D530758E21119E0E00DE7FD0 /* Frameworks */ = {
			isa = PBXFrameworksBuildPhase;
			buildActionMask = 2147483647;
			files = (
				FE05FFA026A3E5A0C79B6E20 /* Pods_BLOCKv_Unit_Tests.framework in Frameworks */,
			);
			runOnlyForDeploymentPostprocessing = 0;
		};
/* End PBXFrameworksBuildPhase section */

/* Begin PBXGroup section */
		32B39594BEF1B7EDB269086E /* Pods */ = {
			isa = PBXGroup;
			children = (
				0B03B68EAC742F53F057C99E /* Pods-BlockV_Example.debug.xcconfig */,
				BC27A08D03F2D2401C48F394 /* Pods-BlockV_Example.release.xcconfig */,
				A8F8F6BF41E2864BD8FA3FB7 /* Pods-BlockV_Tests.debug.xcconfig */,
				6F6694DB9BF713D3EF69B6B5 /* Pods-BlockV_Tests.release.xcconfig */,
				B5A79A9FDD3524D3628C080E /* Pods-BlockV_Example.dev.xcconfig */,
				06192B242F07228474ADC183 /* Pods-BlockV_Example.prod.xcconfig */,
				CB05032DBDAACFFC17BA9C27 /* Pods-BlockV_Tests.dev.xcconfig */,
				1D5DEDC397E0FEB56C8DD44E /* Pods-BlockV_Tests.prod.xcconfig */,
				52747DA4FEB4FEA74F0FB3DD /* Pods-BLOCKv Unit Tests.debug.xcconfig */,
				5DA1585BD766103C2E8FB09E /* Pods-BLOCKv Unit Tests.dev.xcconfig */,
				566E0CFB8A3F5A1CF8A573E1 /* Pods-BLOCKv Unit Tests.prod.xcconfig */,
				25AD9BFB1303AC26340CEFDD /* Pods-BLOCKv_Unit_Tests.debug.xcconfig */,
				9D13ED2F7C05A03393975587 /* Pods-BLOCKv_Unit_Tests.dev.xcconfig */,
				A11EBD956A70C6C7890F053F /* Pods-BLOCKv_Unit_Tests.prod.xcconfig */,
			);
			name = Pods;
			sourceTree = "<group>";
		};
		607FACC71AFB9204008FA782 = {
			isa = PBXGroup;
			children = (
				607FACF51AFB993E008FA782 /* Podspec Metadata */,
				607FACD21AFB9204008FA782 /* Example for BlockV */,
				D530759221119E0E00DE7FD0 /* BLOCKv Unit Tests */,
				607FACD11AFB9204008FA782 /* Products */,
				32B39594BEF1B7EDB269086E /* Pods */,
				8C7B4899EFB41257035A54F2 /* Frameworks */,
			);
			sourceTree = "<group>";
		};
		607FACD11AFB9204008FA782 /* Products */ = {
			isa = PBXGroup;
			children = (
				607FACD01AFB9204008FA782 /* BlockV_Example.app */,
				D530759121119E0E00DE7FD0 /* BLOCKv_Unit_Tests.xctest */,
			);
			name = Products;
			sourceTree = "<group>";
		};
		607FACD21AFB9204008FA782 /* Example for BlockV */ = {
			isa = PBXGroup;
			children = (
				607FACD51AFB9204008FA782 /* AppDelegate.swift */,
				607FACD91AFB9204008FA782 /* Main.storyboard */,
				D59C7DDC206CE1D000FCE1DD /* Actions.storyboard */,
				607FACDE1AFB9204008FA782 /* LaunchScreen.xib */,
				D58E31B5205E962D0024BA0E /* Controllers */,
				D58E31B0205E90DB0024BA0E /* Views */,
				D58E31B6205E96910024BA0E /* Utility */,
				D597FF2520512FF3009B2910 /* Extensions */,
				607FACD31AFB9204008FA782 /* Supporting Files */,
				607FACDC1AFB9204008FA782 /* Images.xcassets */,
			);
			name = "Example for BlockV";
			path = BlockV;
			sourceTree = "<group>";
		};
		607FACD31AFB9204008FA782 /* Supporting Files */ = {
			isa = PBXGroup;
			children = (
				607FACD41AFB9204008FA782 /* Info.plist */,
			);
			name = "Supporting Files";
			sourceTree = "<group>";
		};
		607FACF51AFB993E008FA782 /* Podspec Metadata */ = {
			isa = PBXGroup;
			children = (
				AD36A5AF215E3578009EFD55 /* CHANGELOG.md */,
				86A0806A35212DD33474BDB7 /* BLOCKv.podspec */,
				C55D0BD7FD8ECD417C235202 /* README.md */,
				AC9D73DE9B5506A2FFBB74EE /* LICENSE */,
			);
			name = "Podspec Metadata";
			sourceTree = "<group>";
		};
		8C7B4899EFB41257035A54F2 /* Frameworks */ = {
			isa = PBXGroup;
			children = (
				4DE93FD598C0B61200B996A4 /* Pods_BlockV_Example.framework */,
				1F3D93F779A140BD79E74900 /* Pods_BlockV_Tests.framework */,
				7956FE101E9335CDDC8248F3 /* Pods_BLOCKv_Unit_Tests.framework */,
			);
			name = Frameworks;
			sourceTree = "<group>";
		};
		AD36A5A0215D382D009EFD55 /* Onboarding */ = {
			isa = PBXGroup;
			children = (
				D5E3AC9E2049883800CFFEEA /* LoginViewController.swift */,
				D55B21EF20540AC200B6D5C2 /* RegisterTableViewController.swift */,
				D55B21DF2052772400B6D5C2 /* VerifyTableViewController.swift */,
			);
			path = Onboarding;
			sourceTree = "<group>";
		};
		AD614629213DC79D00204E5B /* Face Selection Procedure */ = {
			isa = PBXGroup;
			children = (
				AD61462A213DC83D00204E5B /* FaceSelectionProcedure_Tests.swift */,
				AD61462C213DC87100204E5B /* MockModelFaces.swift */,
			);
			path = "Face Selection Procedure";
			sourceTree = "<group>";
		};
		AD920A51215FB3EA00CEFC1D /* User Profile */ = {
			isa = PBXGroup;
			children = (
				AD920A59215FB47200CEFC1D /* PasswordTableViewController.swift */,
				AD920A5A215FB47200CEFC1D /* ProfileViewController.swift */,
				AD920A58215FB47100CEFC1D /* UserInfoTableViewController.swift */,
			);
			path = "User Profile";
			sourceTree = "<group>";
		};
		D519A849205E8360006B0D19 /* Inventory */ = {
			isa = PBXGroup;
			children = (
				AD3DB52F2157FD7200E00B67 /* TappedVatomViewController.swift */,
				D55B21FA2056E04B00B6D5C2 /* InventoryCollectionViewController.swift */,
				D519A84A205E83AB006B0D19 /* VatomDetailTableViewController.swift */,
			);
			path = Inventory;
			sourceTree = "<group>";
		};
		D530759221119E0E00DE7FD0 /* BLOCKv Unit Tests */ = {
			isa = PBXGroup;
			children = (
				D530759521119E0E00DE7FD0 /* Info.plist */,
				AD614629213DC79D00204E5B /* Face Selection Procedure */,
				D53075A02111DBD600DE7FD0 /* Models */,
				D530759D2111CADC00DE7FD0 /* Utilities */,
				AD46B8122182D744005C2567 /* KeyPath_Tests.swift */,
			);
			path = "BLOCKv Unit Tests";
			sourceTree = "<group>";
		};
		D530759D2111CADC00DE7FD0 /* Utilities */ = {
			isa = PBXGroup;
			children = (
				D530759E2111CC5200DE7FD0 /* Test+Utils.swift */,
			);
			path = Utilities;
			sourceTree = "<group>";
		};
		D53075A02111DBD600DE7FD0 /* Models */ = {
			isa = PBXGroup;
			children = (
				D5307588211199C200DE7FD0 /* MockModels.swift */,
				D53075A32112E9E000DE7FD0 /* FaceModel_Tests.swift */,
				AD0BCC8D217769D7001836DE /* GenericJsonMerge_Tests.swift */,
				AD0BCC912178828A001836DE /* VatomModelUpdate_Tests.swift */,
			);
			path = Models;
			sourceTree = "<group>";
		};
		D5728D5A206130E40041F4F7 /* Actions */ = {
			isa = PBXGroup;
			children = (
				D5728D5D206155600041F4F7 /* ActionListTableViewController.swift */,
				D5728D5B206131980041F4F7 /* TransferActionViewController.swift */,
			);
			path = Actions;
			sourceTree = "<group>";
		};
		D58E31B0205E90DB0024BA0E /* Views */ = {
			isa = PBXGroup;
			children = (
				AD0BCC97217A0106001836DE /* LiveVatomView.swift */,
				D58E31B4205E95E10024BA0E /* Cells */,
				AD36A59E215D1CE4009EFD55 /* CustomLoaderView.swift */,
			);
			path = Views;
			sourceTree = "<group>";
		};
		D58E31B4205E95E10024BA0E /* Cells */ = {
			isa = PBXGroup;
			children = (
				D55B21E420527EB400B6D5C2 /* TokenCell.swift */,
				D55B21ED2053E24900B6D5C2 /* TitleValueCell.swift */,
				D547576A205E67AD00E6FE90 /* VatomCell.swift */,
			);
			path = Cells;
			sourceTree = "<group>";
		};
		D58E31B5205E962D0024BA0E /* Controllers */ = {
			isa = PBXGroup;
			children = (
				AD920A51215FB3EA00CEFC1D /* User Profile */,
				AD36A5A0215D382D009EFD55 /* Onboarding */,
				D519A849205E8360006B0D19 /* Inventory */,
				D5728D5A206130E40041F4F7 /* Actions */,
			);
			path = Controllers;
			sourceTree = "<group>";
		};
		D58E31B6205E96910024BA0E /* Utility */ = {
			isa = PBXGroup;
			children = (
				D55B21E92052E38000B6D5C2 /* RoundedImageView.swift */,
				AD6AE087218857C7005105E2 /* CustomProcedure.swift */,
			);
			path = Utility;
			sourceTree = "<group>";
		};
		D597FF2520512FF3009B2910 /* Extensions */ = {
			isa = PBXGroup;
			children = (
				D597FF262051305A009B2910 /* UIAlertController+Etx.swift */,
				D55B21F42056745700B6D5C2 /* UIViewController+Ext.swift */,
				D55B21F82056DE6D00B6D5C2 /* UIColor+Ext.swift */,
				D5475763205D124100E6FE90 /* UIView+Ext.swift */,
			);
			path = Extensions;
			sourceTree = "<group>";
		};
/* End PBXGroup section */

/* Begin PBXNativeTarget section */
		607FACCF1AFB9204008FA782 /* BlockV_Example */ = {
			isa = PBXNativeTarget;
			buildConfigurationList = 607FACEF1AFB9204008FA782 /* Build configuration list for PBXNativeTarget "BlockV_Example" */;
			buildPhases = (
				6DBA7BD7167A59CD57BA455F /* [CP] Check Pods Manifest.lock */,
				607FACCC1AFB9204008FA782 /* Sources */,
				607FACCD1AFB9204008FA782 /* Frameworks */,
				607FACCE1AFB9204008FA782 /* Resources */,
				87D80961AF3BA71999BC1BCD /* [CP] Embed Pods Frameworks */,
				D5D111B120ECA4D40016B03C /* ShellScript */,
			);
			buildRules = (
			);
			dependencies = (
			);
			name = BlockV_Example;
			productName = BlockV;
			productReference = 607FACD01AFB9204008FA782 /* BlockV_Example.app */;
			productType = "com.apple.product-type.application";
		};
		D530759021119E0E00DE7FD0 /* BLOCKv_Unit_Tests */ = {
			isa = PBXNativeTarget;
			buildConfigurationList = D530759821119E0E00DE7FD0 /* Build configuration list for PBXNativeTarget "BLOCKv_Unit_Tests" */;
			buildPhases = (
				1700367930F9473A4FAB986F /* [CP] Check Pods Manifest.lock */,
				D530758D21119E0E00DE7FD0 /* Sources */,
				D530758E21119E0E00DE7FD0 /* Frameworks */,
				D530758F21119E0E00DE7FD0 /* Resources */,
			);
			buildRules = (
			);
			dependencies = (
				D530759721119E0E00DE7FD0 /* PBXTargetDependency */,
			);
			name = BLOCKv_Unit_Tests;
			productName = "BLOCKv Unit Tests";
			productReference = D530759121119E0E00DE7FD0 /* BLOCKv_Unit_Tests.xctest */;
			productType = "com.apple.product-type.bundle.unit-test";
		};
/* End PBXNativeTarget section */

/* Begin PBXProject section */
		607FACC81AFB9204008FA782 /* Project object */ = {
			isa = PBXProject;
			attributes = {
				LastSwiftUpdateCheck = 0940;
				LastUpgradeCheck = 0930;
				ORGANIZATIONNAME = CocoaPods;
				TargetAttributes = {
					607FACCF1AFB9204008FA782 = {
						CreatedOnToolsVersion = 6.3.1;
						DevelopmentTeam = WA2R22UJPX;
						LastSwiftMigration = 0900;
						ProvisioningStyle = Automatic;
					};
					D530759021119E0E00DE7FD0 = {
						CreatedOnToolsVersion = 9.4.1;
						ProvisioningStyle = Automatic;
						TestTargetID = 607FACCF1AFB9204008FA782;
					};
				};
			};
			buildConfigurationList = 607FACCB1AFB9204008FA782 /* Build configuration list for PBXProject "BlockV" */;
			compatibilityVersion = "Xcode 3.2";
			developmentRegion = English;
			hasScannedForEncodings = 0;
			knownRegions = (
				en,
				Base,
			);
			mainGroup = 607FACC71AFB9204008FA782;
			productRefGroup = 607FACD11AFB9204008FA782 /* Products */;
			projectDirPath = "";
			projectRoot = "";
			targets = (
				607FACCF1AFB9204008FA782 /* BlockV_Example */,
				D530759021119E0E00DE7FD0 /* BLOCKv_Unit_Tests */,
			);
		};
/* End PBXProject section */

/* Begin PBXResourcesBuildPhase section */
		607FACCE1AFB9204008FA782 /* Resources */ = {
			isa = PBXResourcesBuildPhase;
			buildActionMask = 2147483647;
			files = (
				607FACDB1AFB9204008FA782 /* Main.storyboard in Resources */,
				AD36A5B0215E3578009EFD55 /* CHANGELOG.md in Resources */,
				607FACE01AFB9204008FA782 /* LaunchScreen.xib in Resources */,
				D59C7DDD206CE1D000FCE1DD /* Actions.storyboard in Resources */,
				607FACDD1AFB9204008FA782 /* Images.xcassets in Resources */,
			);
			runOnlyForDeploymentPostprocessing = 0;
		};
		D530758F21119E0E00DE7FD0 /* Resources */ = {
			isa = PBXResourcesBuildPhase;
			buildActionMask = 2147483647;
			files = (
			);
			runOnlyForDeploymentPostprocessing = 0;
		};
/* End PBXResourcesBuildPhase section */

/* Begin PBXShellScriptBuildPhase section */
		1700367930F9473A4FAB986F /* [CP] Check Pods Manifest.lock */ = {
			isa = PBXShellScriptBuildPhase;
			buildActionMask = 2147483647;
			files = (
			);
			inputPaths = (
				"${PODS_PODFILE_DIR_PATH}/Podfile.lock",
				"${PODS_ROOT}/Manifest.lock",
			);
			name = "[CP] Check Pods Manifest.lock";
			outputPaths = (
				"$(DERIVED_FILE_DIR)/Pods-BLOCKv_Unit_Tests-checkManifestLockResult.txt",
			);
			runOnlyForDeploymentPostprocessing = 0;
			shellPath = /bin/sh;
			shellScript = "diff \"${PODS_PODFILE_DIR_PATH}/Podfile.lock\" \"${PODS_ROOT}/Manifest.lock\" > /dev/null\nif [ $? != 0 ] ; then\n    # print error to STDERR\n    echo \"error: The sandbox is not in sync with the Podfile.lock. Run 'pod install' or update your CocoaPods installation.\" >&2\n    exit 1\nfi\n# This output is used by Xcode 'outputs' to avoid re-running this script phase.\necho \"SUCCESS\" > \"${SCRIPT_OUTPUT_FILE_0}\"\n";
			showEnvVarsInLog = 0;
		};
		6DBA7BD7167A59CD57BA455F /* [CP] Check Pods Manifest.lock */ = {
			isa = PBXShellScriptBuildPhase;
			buildActionMask = 2147483647;
			files = (
			);
			inputPaths = (
				"${PODS_PODFILE_DIR_PATH}/Podfile.lock",
				"${PODS_ROOT}/Manifest.lock",
			);
			name = "[CP] Check Pods Manifest.lock";
			outputPaths = (
				"$(DERIVED_FILE_DIR)/Pods-BlockV_Example-checkManifestLockResult.txt",
			);
			runOnlyForDeploymentPostprocessing = 0;
			shellPath = /bin/sh;
			shellScript = "diff \"${PODS_PODFILE_DIR_PATH}/Podfile.lock\" \"${PODS_ROOT}/Manifest.lock\" > /dev/null\nif [ $? != 0 ] ; then\n    # print error to STDERR\n    echo \"error: The sandbox is not in sync with the Podfile.lock. Run 'pod install' or update your CocoaPods installation.\" >&2\n    exit 1\nfi\n# This output is used by Xcode 'outputs' to avoid re-running this script phase.\necho \"SUCCESS\" > \"${SCRIPT_OUTPUT_FILE_0}\"\n";
			showEnvVarsInLog = 0;
		};
		87D80961AF3BA71999BC1BCD /* [CP] Embed Pods Frameworks */ = {
			isa = PBXShellScriptBuildPhase;
			buildActionMask = 2147483647;
			files = (
			);
			inputPaths = (
				"${SRCROOT}/Pods/Target Support Files/Pods-BlockV_Example/Pods-BlockV_Example-frameworks.sh",
				"${BUILT_PRODUCTS_DIR}/Alamofire/Alamofire.framework",
				"${BUILT_PRODUCTS_DIR}/BLOCKv/BLOCKv.framework",
				"${BUILT_PRODUCTS_DIR}/FLAnimatedImage/FLAnimatedImage.framework",
				"${BUILT_PRODUCTS_DIR}/JWTDecode/JWTDecode.framework",
				"${BUILT_PRODUCTS_DIR}/NVActivityIndicatorView/NVActivityIndicatorView.framework",
				"${BUILT_PRODUCTS_DIR}/Nuke/Nuke.framework",
				"${BUILT_PRODUCTS_DIR}/Signals/Signals.framework",
				"${BUILT_PRODUCTS_DIR}/Starscream/Starscream.framework",
				"${BUILT_PRODUCTS_DIR}/VatomFace3D/VatomFace3D.framework",
			);
			name = "[CP] Embed Pods Frameworks";
			outputPaths = (
				"${TARGET_BUILD_DIR}/${FRAMEWORKS_FOLDER_PATH}/Alamofire.framework",
				"${TARGET_BUILD_DIR}/${FRAMEWORKS_FOLDER_PATH}/BLOCKv.framework",
				"${TARGET_BUILD_DIR}/${FRAMEWORKS_FOLDER_PATH}/FLAnimatedImage.framework",
				"${TARGET_BUILD_DIR}/${FRAMEWORKS_FOLDER_PATH}/JWTDecode.framework",
				"${TARGET_BUILD_DIR}/${FRAMEWORKS_FOLDER_PATH}/NVActivityIndicatorView.framework",
				"${TARGET_BUILD_DIR}/${FRAMEWORKS_FOLDER_PATH}/Nuke.framework",
				"${TARGET_BUILD_DIR}/${FRAMEWORKS_FOLDER_PATH}/Signals.framework",
				"${TARGET_BUILD_DIR}/${FRAMEWORKS_FOLDER_PATH}/Starscream.framework",
				"${TARGET_BUILD_DIR}/${FRAMEWORKS_FOLDER_PATH}/VatomFace3D.framework",
			);
			runOnlyForDeploymentPostprocessing = 0;
			shellPath = /bin/sh;
			shellScript = "\"${SRCROOT}/Pods/Target Support Files/Pods-BlockV_Example/Pods-BlockV_Example-frameworks.sh\"\n";
			showEnvVarsInLog = 0;
		};
		D5D111B120ECA4D40016B03C /* ShellScript */ = {
			isa = PBXShellScriptBuildPhase;
			buildActionMask = 2147483647;
			files = (
			);
			inputPaths = (
			);
			outputPaths = (
			);
			runOnlyForDeploymentPostprocessing = 0;
			shellPath = /bin/sh;
			shellScript = "${PODS_ROOT}/SwiftLint/swiftlint\n";
		};
/* End PBXShellScriptBuildPhase section */

/* Begin PBXSourcesBuildPhase section */
		607FACCC1AFB9204008FA782 /* Sources */ = {
			isa = PBXSourcesBuildPhase;
			buildActionMask = 2147483647;
			files = (
				AD0BCC98217A0106001836DE /* LiveVatomView.swift in Sources */,
				D5475764205D124100E6FE90 /* UIView+Ext.swift in Sources */,
				AD920A5C215FB47200CEFC1D /* PasswordTableViewController.swift in Sources */,
				D547576B205E67AD00E6FE90 /* VatomCell.swift in Sources */,
				D519A84B205E83AB006B0D19 /* VatomDetailTableViewController.swift in Sources */,
				AD3DB5302157FD7200E00B67 /* TappedVatomViewController.swift in Sources */,
				AD920A5D215FB47200CEFC1D /* ProfileViewController.swift in Sources */,
				D55B21FB2056E04B00B6D5C2 /* InventoryCollectionViewController.swift in Sources */,
				D55B21F52056745700B6D5C2 /* UIViewController+Ext.swift in Sources */,
				D597FF272051305A009B2910 /* UIAlertController+Etx.swift in Sources */,
				D55B21EE2053E24900B6D5C2 /* TitleValueCell.swift in Sources */,
				D55B21E520527EB400B6D5C2 /* TokenCell.swift in Sources */,
				D55B21F020540AC200B6D5C2 /* RegisterTableViewController.swift in Sources */,
				D5E3AC9F2049883900CFFEEA /* LoginViewController.swift in Sources */,
				AD920A5B215FB47200CEFC1D /* UserInfoTableViewController.swift in Sources */,
				D55B21E02052772400B6D5C2 /* VerifyTableViewController.swift in Sources */,
				D55B21F92056DE6D00B6D5C2 /* UIColor+Ext.swift in Sources */,
				607FACD61AFB9204008FA782 /* AppDelegate.swift in Sources */,
				AD6AE088218857C7005105E2 /* CustomProcedure.swift in Sources */,
				D55B21EA2052E38000B6D5C2 /* RoundedImageView.swift in Sources */,
				D5728D5E206155600041F4F7 /* ActionListTableViewController.swift in Sources */,
				AD36A59F215D1CE4009EFD55 /* CustomLoaderView.swift in Sources */,
				D5728D5C206131980041F4F7 /* TransferActionViewController.swift in Sources */,
			);
			runOnlyForDeploymentPostprocessing = 0;
		};
		D530758D21119E0E00DE7FD0 /* Sources */ = {
			isa = PBXSourcesBuildPhase;
			buildActionMask = 2147483647;
			files = (
				D530759F2111CC5200DE7FD0 /* Test+Utils.swift in Sources */,
				AD61462F213DC88B00204E5B /* MockModelFaces.swift in Sources */,
				AD61462E213DC88700204E5B /* FaceSelectionProcedure_Tests.swift in Sources */,
				D53075A42112E9E000DE7FD0 /* FaceModel_Tests.swift in Sources */,
				AD0BCC922178828A001836DE /* VatomModelUpdate_Tests.swift in Sources */,
				AD0BCC8E217769D7001836DE /* GenericJsonMerge_Tests.swift in Sources */,
				AD46B8132182D744005C2567 /* KeyPath_Tests.swift in Sources */,
				D530759C21119E2A00DE7FD0 /* MockModels.swift in Sources */,
			);
			runOnlyForDeploymentPostprocessing = 0;
		};
/* End PBXSourcesBuildPhase section */

/* Begin PBXTargetDependency section */
		D530759721119E0E00DE7FD0 /* PBXTargetDependency */ = {
			isa = PBXTargetDependency;
			target = 607FACCF1AFB9204008FA782 /* BlockV_Example */;
			targetProxy = D530759621119E0E00DE7FD0 /* PBXContainerItemProxy */;
		};
/* End PBXTargetDependency section */

/* Begin PBXVariantGroup section */
		607FACD91AFB9204008FA782 /* Main.storyboard */ = {
			isa = PBXVariantGroup;
			children = (
				607FACDA1AFB9204008FA782 /* Base */,
			);
			name = Main.storyboard;
			sourceTree = "<group>";
		};
		607FACDE1AFB9204008FA782 /* LaunchScreen.xib */ = {
			isa = PBXVariantGroup;
			children = (
				607FACDF1AFB9204008FA782 /* Base */,
			);
			name = LaunchScreen.xib;
			sourceTree = "<group>";
		};
/* End PBXVariantGroup section */

/* Begin XCBuildConfiguration section */
		607FACED1AFB9204008FA782 /* Debug */ = {
			isa = XCBuildConfiguration;
			buildSettings = {
				ALWAYS_SEARCH_USER_PATHS = NO;
				CLANG_CXX_LANGUAGE_STANDARD = "gnu++0x";
				CLANG_CXX_LIBRARY = "libc++";
				CLANG_ENABLE_MODULES = YES;
				CLANG_ENABLE_OBJC_ARC = YES;
				CLANG_WARN_BLOCK_CAPTURE_AUTORELEASING = YES;
				CLANG_WARN_BOOL_CONVERSION = YES;
				CLANG_WARN_COMMA = YES;
				CLANG_WARN_CONSTANT_CONVERSION = YES;
				CLANG_WARN_DEPRECATED_OBJC_IMPLEMENTATIONS = YES;
				CLANG_WARN_DIRECT_OBJC_ISA_USAGE = YES_ERROR;
				CLANG_WARN_EMPTY_BODY = YES;
				CLANG_WARN_ENUM_CONVERSION = YES;
				CLANG_WARN_INFINITE_RECURSION = YES;
				CLANG_WARN_INT_CONVERSION = YES;
				CLANG_WARN_NON_LITERAL_NULL_CONVERSION = YES;
				CLANG_WARN_OBJC_IMPLICIT_RETAIN_SELF = YES;
				CLANG_WARN_OBJC_LITERAL_CONVERSION = YES;
				CLANG_WARN_OBJC_ROOT_CLASS = YES_ERROR;
				CLANG_WARN_RANGE_LOOP_ANALYSIS = YES;
				CLANG_WARN_STRICT_PROTOTYPES = YES;
				CLANG_WARN_SUSPICIOUS_MOVE = YES;
				CLANG_WARN_UNREACHABLE_CODE = YES;
				CLANG_WARN__DUPLICATE_METHOD_MATCH = YES;
				"CODE_SIGN_IDENTITY[sdk=iphoneos*]" = "iPhone Developer";
				COPY_PHASE_STRIP = NO;
				DEBUG_INFORMATION_FORMAT = "dwarf-with-dsym";
				ENABLE_STRICT_OBJC_MSGSEND = YES;
				ENABLE_TESTABILITY = YES;
				GCC_C_LANGUAGE_STANDARD = gnu99;
				GCC_DYNAMIC_NO_PIC = NO;
				GCC_NO_COMMON_BLOCKS = YES;
				GCC_OPTIMIZATION_LEVEL = 0;
				GCC_PREPROCESSOR_DEFINITIONS = (
					"DEBUG=1",
					"$(inherited)",
				);
				GCC_SYMBOLS_PRIVATE_EXTERN = NO;
				GCC_WARN_64_TO_32_BIT_CONVERSION = YES;
				GCC_WARN_ABOUT_RETURN_TYPE = YES_ERROR;
				GCC_WARN_UNDECLARED_SELECTOR = YES;
				GCC_WARN_UNINITIALIZED_AUTOS = YES_AGGRESSIVE;
				GCC_WARN_UNUSED_FUNCTION = YES;
				GCC_WARN_UNUSED_VARIABLE = YES;
				IPHONEOS_DEPLOYMENT_TARGET = 10.0;
				MTL_ENABLE_DEBUG_INFO = YES;
				ONLY_ACTIVE_ARCH = YES;
				SDKROOT = iphoneos;
				SWIFT_OPTIMIZATION_LEVEL = "-Onone";
				SWIFT_VERSION = 4.0;
			};
			name = Debug;
		};
		607FACEE1AFB9204008FA782 /* Dev */ = {
			isa = XCBuildConfiguration;
			buildSettings = {
				ALWAYS_SEARCH_USER_PATHS = NO;
				CLANG_CXX_LANGUAGE_STANDARD = "gnu++0x";
				CLANG_CXX_LIBRARY = "libc++";
				CLANG_ENABLE_MODULES = YES;
				CLANG_ENABLE_OBJC_ARC = YES;
				CLANG_WARN_BLOCK_CAPTURE_AUTORELEASING = YES;
				CLANG_WARN_BOOL_CONVERSION = YES;
				CLANG_WARN_COMMA = YES;
				CLANG_WARN_CONSTANT_CONVERSION = YES;
				CLANG_WARN_DEPRECATED_OBJC_IMPLEMENTATIONS = YES;
				CLANG_WARN_DIRECT_OBJC_ISA_USAGE = YES_ERROR;
				CLANG_WARN_EMPTY_BODY = YES;
				CLANG_WARN_ENUM_CONVERSION = YES;
				CLANG_WARN_INFINITE_RECURSION = YES;
				CLANG_WARN_INT_CONVERSION = YES;
				CLANG_WARN_NON_LITERAL_NULL_CONVERSION = YES;
				CLANG_WARN_OBJC_IMPLICIT_RETAIN_SELF = YES;
				CLANG_WARN_OBJC_LITERAL_CONVERSION = YES;
				CLANG_WARN_OBJC_ROOT_CLASS = YES_ERROR;
				CLANG_WARN_RANGE_LOOP_ANALYSIS = YES;
				CLANG_WARN_STRICT_PROTOTYPES = YES;
				CLANG_WARN_SUSPICIOUS_MOVE = YES;
				CLANG_WARN_UNREACHABLE_CODE = YES;
				CLANG_WARN__DUPLICATE_METHOD_MATCH = YES;
				"CODE_SIGN_IDENTITY[sdk=iphoneos*]" = "iPhone Developer";
				COPY_PHASE_STRIP = NO;
				DEBUG_INFORMATION_FORMAT = "dwarf-with-dsym";
				ENABLE_NS_ASSERTIONS = NO;
				ENABLE_STRICT_OBJC_MSGSEND = YES;
				GCC_C_LANGUAGE_STANDARD = gnu99;
				GCC_NO_COMMON_BLOCKS = YES;
				GCC_WARN_64_TO_32_BIT_CONVERSION = YES;
				GCC_WARN_ABOUT_RETURN_TYPE = YES_ERROR;
				GCC_WARN_UNDECLARED_SELECTOR = YES;
				GCC_WARN_UNINITIALIZED_AUTOS = YES_AGGRESSIVE;
				GCC_WARN_UNUSED_FUNCTION = YES;
				GCC_WARN_UNUSED_VARIABLE = YES;
				IPHONEOS_DEPLOYMENT_TARGET = 10.0;
				MTL_ENABLE_DEBUG_INFO = NO;
				SDKROOT = iphoneos;
				SWIFT_OPTIMIZATION_LEVEL = "-Owholemodule";
				SWIFT_VERSION = 4.0;
				VALIDATE_PRODUCT = YES;
			};
			name = Dev;
		};
		607FACF01AFB9204008FA782 /* Debug */ = {
			isa = XCBuildConfiguration;
			baseConfigurationReference = 0B03B68EAC742F53F057C99E /* Pods-BlockV_Example.debug.xcconfig */;
			buildSettings = {
				APP_DISPLAY_NAME = "$(CONFIGURATION)-BV Eg";
				ASSETCATALOG_COMPILER_APPICON_NAME = AppIcon;
				CODE_SIGN_IDENTITY = "iPhone Developer";
				"CODE_SIGN_IDENTITY[sdk=iphoneos*]" = "iPhone Developer";
				CODE_SIGN_STYLE = Automatic;
				DEVELOPMENT_TEAM = WA2R22UJPX;
				ENVIRONMENT_MAPPING = dev_env;
				INFOPLIST_FILE = BlockV/Info.plist;
				IPHONEOS_DEPLOYMENT_TARGET = 10.0;
				LD_RUNPATH_SEARCH_PATHS = "$(inherited) @executable_path/Frameworks";
				MODULE_NAME = ExampleApp;
				OTHER_SWIFT_FLAGS = "$(inherited) \"-D\" \"COCOAPODS\" -D DEBUG";
				PRODUCT_BUNDLE_IDENTIFIER = "io.blockv.sdk-core.example.$(CONFIGURATION)";
				PRODUCT_NAME = "$(TARGET_NAME)";
				PROVISIONING_PROFILE_SPECIFIER = "";
				SWIFT_SWIFT3_OBJC_INFERENCE = Default;
				SWIFT_VERSION = 4.0;
				TARGETED_DEVICE_FAMILY = "1,2";
			};
			name = Debug;
		};
		607FACF11AFB9204008FA782 /* Dev */ = {
			isa = XCBuildConfiguration;
			baseConfigurationReference = B5A79A9FDD3524D3628C080E /* Pods-BlockV_Example.dev.xcconfig */;
			buildSettings = {
				APP_DISPLAY_NAME = "$(CONFIGURATION)-BV Eg";
				ASSETCATALOG_COMPILER_APPICON_NAME = AppIcon;
				CODE_SIGN_IDENTITY = "iPhone Developer";
				"CODE_SIGN_IDENTITY[sdk=iphoneos*]" = "iPhone Developer";
				CODE_SIGN_STYLE = Automatic;
				DEVELOPMENT_TEAM = WA2R22UJPX;
				ENVIRONMENT_MAPPING = dev_env;
				INFOPLIST_FILE = BlockV/Info.plist;
				IPHONEOS_DEPLOYMENT_TARGET = 10.0;
				LD_RUNPATH_SEARCH_PATHS = "$(inherited) @executable_path/Frameworks";
				MODULE_NAME = ExampleApp;
				PRODUCT_BUNDLE_IDENTIFIER = "io.blockv.sdk-core.example.$(CONFIGURATION)";
				PRODUCT_NAME = "$(TARGET_NAME)";
				PROVISIONING_PROFILE_SPECIFIER = "";
				SWIFT_SWIFT3_OBJC_INFERENCE = Default;
				SWIFT_VERSION = 4.0;
				TARGETED_DEVICE_FAMILY = "1,2";
			};
			name = Dev;
		};
		D530759921119E0E00DE7FD0 /* Debug */ = {
			isa = XCBuildConfiguration;
			baseConfigurationReference = 25AD9BFB1303AC26340CEFDD /* Pods-BLOCKv_Unit_Tests.debug.xcconfig */;
			buildSettings = {
				BUNDLE_LOADER = "$(TEST_HOST)";
				CLANG_ANALYZER_NONNULL = YES;
				CLANG_ANALYZER_NUMBER_OBJECT_CONVERSION = YES_AGGRESSIVE;
				CLANG_CXX_LANGUAGE_STANDARD = "gnu++14";
				CLANG_ENABLE_OBJC_WEAK = YES;
				CLANG_WARN_DOCUMENTATION_COMMENTS = YES;
				CLANG_WARN_UNGUARDED_AVAILABILITY = YES_AGGRESSIVE;
				CODE_SIGN_IDENTITY = "iPhone Developer";
				CODE_SIGN_STYLE = Automatic;
				DEBUG_INFORMATION_FORMAT = dwarf;
				GCC_C_LANGUAGE_STANDARD = gnu11;
				INFOPLIST_FILE = "BLOCKv Unit Tests/Info.plist";
				IPHONEOS_DEPLOYMENT_TARGET = 11.4;
				LD_RUNPATH_SEARCH_PATHS = "$(inherited) @executable_path/Frameworks @loader_path/Frameworks";
				PRODUCT_BUNDLE_IDENTIFIER = "io.blockv.BLOCKv-Unit-Tests";
				PRODUCT_NAME = "$(TARGET_NAME)";
				SWIFT_ACTIVE_COMPILATION_CONDITIONS = DEBUG;
				SWIFT_VERSION = 4.0;
				TARGETED_DEVICE_FAMILY = "1,2";
				TEST_HOST = "$(BUILT_PRODUCTS_DIR)/BlockV_Example.app/BlockV_Example";
			};
			name = Debug;
		};
		D530759A21119E0E00DE7FD0 /* Dev */ = {
			isa = XCBuildConfiguration;
			baseConfigurationReference = 9D13ED2F7C05A03393975587 /* Pods-BLOCKv_Unit_Tests.dev.xcconfig */;
			buildSettings = {
				ALWAYS_SEARCH_USER_PATHS = NO;
				BUNDLE_LOADER = "$(TEST_HOST)";
				CLANG_ANALYZER_NONNULL = YES;
				CLANG_ANALYZER_NUMBER_OBJECT_CONVERSION = YES_AGGRESSIVE;
				CLANG_CXX_LANGUAGE_STANDARD = "gnu++14";
				CLANG_CXX_LIBRARY = "libc++";
				CLANG_ENABLE_MODULES = YES;
				CLANG_ENABLE_OBJC_ARC = YES;
				CLANG_ENABLE_OBJC_WEAK = YES;
				CLANG_WARN_BLOCK_CAPTURE_AUTORELEASING = YES;
				CLANG_WARN_BOOL_CONVERSION = YES;
				CLANG_WARN_COMMA = YES;
				CLANG_WARN_CONSTANT_CONVERSION = YES;
				CLANG_WARN_DEPRECATED_OBJC_IMPLEMENTATIONS = YES;
				CLANG_WARN_DIRECT_OBJC_ISA_USAGE = YES_ERROR;
				CLANG_WARN_DOCUMENTATION_COMMENTS = YES;
				CLANG_WARN_EMPTY_BODY = YES;
				CLANG_WARN_ENUM_CONVERSION = YES;
				CLANG_WARN_INFINITE_RECURSION = YES;
				CLANG_WARN_INT_CONVERSION = YES;
				CLANG_WARN_NON_LITERAL_NULL_CONVERSION = YES;
				CLANG_WARN_OBJC_IMPLICIT_RETAIN_SELF = YES;
				CLANG_WARN_OBJC_LITERAL_CONVERSION = YES;
				CLANG_WARN_OBJC_ROOT_CLASS = YES_ERROR;
				CLANG_WARN_RANGE_LOOP_ANALYSIS = YES;
				CLANG_WARN_STRICT_PROTOTYPES = YES;
				CLANG_WARN_SUSPICIOUS_MOVE = YES;
				CLANG_WARN_UNGUARDED_AVAILABILITY = YES_AGGRESSIVE;
				CLANG_WARN_UNREACHABLE_CODE = YES;
				CLANG_WARN__DUPLICATE_METHOD_MATCH = YES;
				CODE_SIGN_IDENTITY = "iPhone Developer";
				CODE_SIGN_STYLE = Automatic;
				COPY_PHASE_STRIP = NO;
				DEBUG_INFORMATION_FORMAT = "dwarf-with-dsym";
				ENABLE_NS_ASSERTIONS = NO;
				ENABLE_STRICT_OBJC_MSGSEND = YES;
				GCC_C_LANGUAGE_STANDARD = gnu11;
				GCC_NO_COMMON_BLOCKS = YES;
				GCC_WARN_64_TO_32_BIT_CONVERSION = YES;
				GCC_WARN_ABOUT_RETURN_TYPE = YES_ERROR;
				GCC_WARN_UNDECLARED_SELECTOR = YES;
				GCC_WARN_UNINITIALIZED_AUTOS = YES_AGGRESSIVE;
				GCC_WARN_UNUSED_FUNCTION = YES;
				GCC_WARN_UNUSED_VARIABLE = YES;
				INFOPLIST_FILE = "BLOCKv Unit Tests/Info.plist";
				IPHONEOS_DEPLOYMENT_TARGET = 11.4;
				LD_RUNPATH_SEARCH_PATHS = "$(inherited) @executable_path/Frameworks @loader_path/Frameworks";
				MTL_ENABLE_DEBUG_INFO = NO;
				PRODUCT_BUNDLE_IDENTIFIER = "io.blockv.BLOCKv-Unit-Tests";
				PRODUCT_NAME = "$(TARGET_NAME)";
				SDKROOT = iphoneos;
				SWIFT_OPTIMIZATION_LEVEL = "-Owholemodule";
				SWIFT_VERSION = 4.0;
				TARGETED_DEVICE_FAMILY = "1,2";
				TEST_HOST = "$(BUILT_PRODUCTS_DIR)/BlockV_Example.app/BlockV_Example";
				VALIDATE_PRODUCT = YES;
			};
			name = Dev;
		};
		D530759B21119E0E00DE7FD0 /* Prod */ = {
			isa = XCBuildConfiguration;
			baseConfigurationReference = A11EBD956A70C6C7890F053F /* Pods-BLOCKv_Unit_Tests.prod.xcconfig */;
			buildSettings = {
				ALWAYS_SEARCH_USER_PATHS = NO;
				BUNDLE_LOADER = "$(TEST_HOST)";
				CLANG_ANALYZER_NONNULL = YES;
				CLANG_ANALYZER_NUMBER_OBJECT_CONVERSION = YES_AGGRESSIVE;
				CLANG_CXX_LANGUAGE_STANDARD = "gnu++14";
				CLANG_CXX_LIBRARY = "libc++";
				CLANG_ENABLE_MODULES = YES;
				CLANG_ENABLE_OBJC_ARC = YES;
				CLANG_ENABLE_OBJC_WEAK = YES;
				CLANG_WARN_BLOCK_CAPTURE_AUTORELEASING = YES;
				CLANG_WARN_BOOL_CONVERSION = YES;
				CLANG_WARN_COMMA = YES;
				CLANG_WARN_CONSTANT_CONVERSION = YES;
				CLANG_WARN_DEPRECATED_OBJC_IMPLEMENTATIONS = YES;
				CLANG_WARN_DIRECT_OBJC_ISA_USAGE = YES_ERROR;
				CLANG_WARN_DOCUMENTATION_COMMENTS = YES;
				CLANG_WARN_EMPTY_BODY = YES;
				CLANG_WARN_ENUM_CONVERSION = YES;
				CLANG_WARN_INFINITE_RECURSION = YES;
				CLANG_WARN_INT_CONVERSION = YES;
				CLANG_WARN_NON_LITERAL_NULL_CONVERSION = YES;
				CLANG_WARN_OBJC_IMPLICIT_RETAIN_SELF = YES;
				CLANG_WARN_OBJC_LITERAL_CONVERSION = YES;
				CLANG_WARN_OBJC_ROOT_CLASS = YES_ERROR;
				CLANG_WARN_RANGE_LOOP_ANALYSIS = YES;
				CLANG_WARN_STRICT_PROTOTYPES = YES;
				CLANG_WARN_SUSPICIOUS_MOVE = YES;
				CLANG_WARN_UNGUARDED_AVAILABILITY = YES_AGGRESSIVE;
				CLANG_WARN_UNREACHABLE_CODE = YES;
				CLANG_WARN__DUPLICATE_METHOD_MATCH = YES;
				CODE_SIGN_IDENTITY = "iPhone Developer";
				CODE_SIGN_STYLE = Automatic;
				COPY_PHASE_STRIP = NO;
				DEBUG_INFORMATION_FORMAT = "dwarf-with-dsym";
				ENABLE_NS_ASSERTIONS = NO;
				ENABLE_STRICT_OBJC_MSGSEND = YES;
				GCC_C_LANGUAGE_STANDARD = gnu11;
				GCC_NO_COMMON_BLOCKS = YES;
				GCC_WARN_64_TO_32_BIT_CONVERSION = YES;
				GCC_WARN_ABOUT_RETURN_TYPE = YES_ERROR;
				GCC_WARN_UNDECLARED_SELECTOR = YES;
				GCC_WARN_UNINITIALIZED_AUTOS = YES_AGGRESSIVE;
				GCC_WARN_UNUSED_FUNCTION = YES;
				GCC_WARN_UNUSED_VARIABLE = YES;
				INFOPLIST_FILE = "BLOCKv Unit Tests/Info.plist";
				IPHONEOS_DEPLOYMENT_TARGET = 11.4;
				LD_RUNPATH_SEARCH_PATHS = "$(inherited) @executable_path/Frameworks @loader_path/Frameworks";
				MTL_ENABLE_DEBUG_INFO = NO;
				PRODUCT_BUNDLE_IDENTIFIER = "io.blockv.BLOCKv-Unit-Tests";
				PRODUCT_NAME = "$(TARGET_NAME)";
				SDKROOT = iphoneos;
				SWIFT_OPTIMIZATION_LEVEL = "-Owholemodule";
				SWIFT_VERSION = 4.0;
				TARGETED_DEVICE_FAMILY = "1,2";
				TEST_HOST = "$(BUILT_PRODUCTS_DIR)/BlockV_Example.app/BlockV_Example";
				VALIDATE_PRODUCT = YES;
			};
			name = Prod;
		};
		D5455B4420F88E3B00C98C2F /* Prod */ = {
			isa = XCBuildConfiguration;
			buildSettings = {
				ALWAYS_SEARCH_USER_PATHS = NO;
				CLANG_CXX_LANGUAGE_STANDARD = "gnu++0x";
				CLANG_CXX_LIBRARY = "libc++";
				CLANG_ENABLE_MODULES = YES;
				CLANG_ENABLE_OBJC_ARC = YES;
				CLANG_WARN_BLOCK_CAPTURE_AUTORELEASING = YES;
				CLANG_WARN_BOOL_CONVERSION = YES;
				CLANG_WARN_COMMA = YES;
				CLANG_WARN_CONSTANT_CONVERSION = YES;
				CLANG_WARN_DEPRECATED_OBJC_IMPLEMENTATIONS = YES;
				CLANG_WARN_DIRECT_OBJC_ISA_USAGE = YES_ERROR;
				CLANG_WARN_EMPTY_BODY = YES;
				CLANG_WARN_ENUM_CONVERSION = YES;
				CLANG_WARN_INFINITE_RECURSION = YES;
				CLANG_WARN_INT_CONVERSION = YES;
				CLANG_WARN_NON_LITERAL_NULL_CONVERSION = YES;
				CLANG_WARN_OBJC_IMPLICIT_RETAIN_SELF = YES;
				CLANG_WARN_OBJC_LITERAL_CONVERSION = YES;
				CLANG_WARN_OBJC_ROOT_CLASS = YES_ERROR;
				CLANG_WARN_RANGE_LOOP_ANALYSIS = YES;
				CLANG_WARN_STRICT_PROTOTYPES = YES;
				CLANG_WARN_SUSPICIOUS_MOVE = YES;
				CLANG_WARN_UNREACHABLE_CODE = YES;
				CLANG_WARN__DUPLICATE_METHOD_MATCH = YES;
				"CODE_SIGN_IDENTITY[sdk=iphoneos*]" = "iPhone Developer";
				COPY_PHASE_STRIP = NO;
				DEBUG_INFORMATION_FORMAT = "dwarf-with-dsym";
				ENABLE_NS_ASSERTIONS = NO;
				ENABLE_STRICT_OBJC_MSGSEND = YES;
				GCC_C_LANGUAGE_STANDARD = gnu99;
				GCC_NO_COMMON_BLOCKS = YES;
				GCC_WARN_64_TO_32_BIT_CONVERSION = YES;
				GCC_WARN_ABOUT_RETURN_TYPE = YES_ERROR;
				GCC_WARN_UNDECLARED_SELECTOR = YES;
				GCC_WARN_UNINITIALIZED_AUTOS = YES_AGGRESSIVE;
				GCC_WARN_UNUSED_FUNCTION = YES;
				GCC_WARN_UNUSED_VARIABLE = YES;
				IPHONEOS_DEPLOYMENT_TARGET = 10.0;
				MTL_ENABLE_DEBUG_INFO = NO;
				SDKROOT = iphoneos;
				SWIFT_OPTIMIZATION_LEVEL = "-Owholemodule";
				SWIFT_VERSION = 4.0;
				VALIDATE_PRODUCT = YES;
			};
			name = Prod;
		};
		D5455B4520F88E3B00C98C2F /* Prod */ = {
			isa = XCBuildConfiguration;
			baseConfigurationReference = 06192B242F07228474ADC183 /* Pods-BlockV_Example.prod.xcconfig */;
			buildSettings = {
				APP_DISPLAY_NAME = "$(CONFIGURATION)-BV Eg";
				ASSETCATALOG_COMPILER_APPICON_NAME = AppIcon;
				CODE_SIGN_IDENTITY = "iPhone Developer";
				"CODE_SIGN_IDENTITY[sdk=iphoneos*]" = "iPhone Developer";
				CODE_SIGN_STYLE = Automatic;
				DEVELOPMENT_TEAM = WA2R22UJPX;
				ENVIRONMENT_MAPPING = prod_env;
				INFOPLIST_FILE = BlockV/Info.plist;
				IPHONEOS_DEPLOYMENT_TARGET = 10.0;
				LD_RUNPATH_SEARCH_PATHS = "$(inherited) @executable_path/Frameworks";
				MODULE_NAME = ExampleApp;
				PRODUCT_BUNDLE_IDENTIFIER = "io.blockv.sdk-core.example.$(CONFIGURATION)";
				PRODUCT_NAME = "$(TARGET_NAME)";
				PROVISIONING_PROFILE_SPECIFIER = "";
				SWIFT_SWIFT3_OBJC_INFERENCE = Default;
				SWIFT_VERSION = 4.0;
				TARGETED_DEVICE_FAMILY = "1,2";
			};
			name = Prod;
		};
/* End XCBuildConfiguration section */

/* Begin XCConfigurationList section */
		607FACCB1AFB9204008FA782 /* Build configuration list for PBXProject "BlockV" */ = {
			isa = XCConfigurationList;
			buildConfigurations = (
				607FACED1AFB9204008FA782 /* Debug */,
				607FACEE1AFB9204008FA782 /* Dev */,
				D5455B4420F88E3B00C98C2F /* Prod */,
			);
			defaultConfigurationIsVisible = 0;
			defaultConfigurationName = Dev;
		};
		607FACEF1AFB9204008FA782 /* Build configuration list for PBXNativeTarget "BlockV_Example" */ = {
			isa = XCConfigurationList;
			buildConfigurations = (
				607FACF01AFB9204008FA782 /* Debug */,
				607FACF11AFB9204008FA782 /* Dev */,
				D5455B4520F88E3B00C98C2F /* Prod */,
			);
			defaultConfigurationIsVisible = 0;
			defaultConfigurationName = Dev;
		};
		D530759821119E0E00DE7FD0 /* Build configuration list for PBXNativeTarget "BLOCKv_Unit_Tests" */ = {
			isa = XCConfigurationList;
			buildConfigurations = (
				D530759921119E0E00DE7FD0 /* Debug */,
				D530759A21119E0E00DE7FD0 /* Dev */,
				D530759B21119E0E00DE7FD0 /* Prod */,
			);
			defaultConfigurationIsVisible = 0;
			defaultConfigurationName = Dev;
		};
/* End XCConfigurationList section */
	};
	rootObject = 607FACC81AFB9204008FA782 /* Project object */;
}
